// !$*UTF8*$!
{
	archiveVersion = 1;
	classes = {
	};
	objectVersion = 77;
	objects = {

/* Begin PBXBuildFile section */
		014C2FCBF12405FEFD835E63 /* ProfileDetailView.swift in Sources */ = {isa = PBXBuildFile; fileRef = B3B3A483CAA076196A178605 /* ProfileDetailView.swift */; };
		035FABFA0601E358F352C11B /* Assets.xcassets in Resources */ = {isa = PBXBuildFile; fileRef = 832330F2308BBB09BCD44A43 /* Assets.xcassets */; };
		PI001AABBCCDD11223344EE /* PrivacyInfo.xcprivacy in Resources */ = {isa = PBXBuildFile; fileRef = PI001AABBCCDD11223344FF /* PrivacyInfo.xcprivacy */; };
		0393E05DDE08CCC0854817CD /* PerAppStatsProxyManager.swift in Sources */ = {isa = PBXBuildFile; fileRef = F7E43092154982D7DF581773 /* PerAppStatsProxyManager.swift */; };
		0560454BB3AB3D5EBCE6A9BD /* TransparentProxyProvider.swift in Sources */ = {isa = PBXBuildFile; fileRef = 8DE7D4A99ABC9F1B9A4C3781 /* TransparentProxyProvider.swift */; };
		07BF00AABBCCDD1122334499 /* DestinationRouting.swift in Sources */ = {isa = PBXBuildFile; fileRef = 07BF00AABBCCDD11223344AA /* DestinationRouting.swift */; };
		07BF00DDEEFF009988776655 /* DestinationRouting.swift in Sources */ = {isa = PBXBuildFile; fileRef = 07BF00AABBCCDD11223344AA /* DestinationRouting.swift */; };
		07BF11AABBCCDD11223344AA /* DestinationCidrRule.swift in Sources */ = {isa = PBXBuildFile; fileRef = 07BF11AABBCCDD11223344BB /* DestinationCidrRule.swift */; };
		DD0001AABBCCDD1122334401 /* DestinationDomainRule.swift in Sources */ = {isa = PBXBuildFile; fileRef = DD0001AABBCCDD1122334402 /* DestinationDomainRule.swift */; };
		DD0002AABBCCDD1122334403 /* DomainResolver.swift in Sources */ = {isa = PBXBuildFile; fileRef = DD0002AABBCCDD1122334404 /* DomainResolver.swift */; };
		DD0003AABBCCDD1122334405 /* DomainResolutionCoordinator.swift in Sources */ = {isa = PBXBuildFile; fileRef = DD0003AABBCCDD1122334406 /* DomainResolutionCoordinator.swift */; };
		07BF22AABBCCDD11223344CC /* DestinationRuleStore.swift in Sources */ = {isa = PBXBuildFile; fileRef = 07BF22AABBCCDD11223344DD /* DestinationRuleStore.swift */; };
		07BF33AABBCCDD11223344EE /* RoutingView.swift in Sources */ = {isa = PBXBuildFile; fileRef = 07BF33AABBCCDD11223344FF /* RoutingView.swift */; };
		A1B2C3D4E5F60011AABBCCDD /* InstantTooltip.swift in Sources */ = {isa = PBXBuildFile; fileRef = A1B2C3D4E5F60011AABBCCEE /* InstantTooltip.swift */; };
		09BD4C6EA2737467C4AFA12E /* StatusView.swift in Sources */ = {isa = PBXBuildFile; fileRef = F86BBF39930242EB8FF86F54 /* StatusView.swift */; };
		0B228C6ED6D1928E3D540EDC /* TCPFlowRelay.swift in Sources */ = {isa = PBXBuildFile; fileRef = F353E3CB30DD269B8D220A2E /* TCPFlowRelay.swift */; };
		0E304F12798C57930DC3DB52 /* EndpointBridge.swift in Sources */ = {isa = PBXBuildFile; fileRef = 8108BE3F731F12F6601FB84C /* EndpointBridge.swift */; };
		10972EE8489BBB0959E38D42 /* PerAppIdentityMap.swift in Sources */ = {isa = PBXBuildFile; fileRef = 925B86B12D5DC6FCBB010E74 /* PerAppIdentityMap.swift */; };
		11AA22BB33CC44DD55EE66FF /* ExtensionResourceStats.swift in Sources */ = {isa = PBXBuildFile; fileRef = E7D8A91B2C3D4E5F60718293 /* ExtensionResourceStats.swift */; };
		139A74645FABEA868BEFD896 /* KeychainService.swift in Sources */ = {isa = PBXBuildFile; fileRef = B8E4AA7BE0C447E51BE149BC /* KeychainService.swift */; };
		1DD70115E16E2BF47ADE14CB /* RoutingAction.swift in Sources */ = {isa = PBXBuildFile; fileRef = 50CB7F447B0157775A81E1F0 /* RoutingAction.swift */; };
		22BB33CC44DD55EE66FF77AA /* ExtensionResourceStats.swift in Sources */ = {isa = PBXBuildFile; fileRef = E7D8A91B2C3D4E5F60718293 /* ExtensionResourceStats.swift */; };
		27EDCA620298FE518812E883 /* WireGuardProfile.swift in Sources */ = {isa = PBXBuildFile; fileRef = 597D1A15AF482ECB340F8519 /* WireGuardProfile.swift */; };
		2A3981ACBD6448C3B6161E9D /* Constants.swift in Sources */ = {isa = PBXBuildFile; fileRef = 5FD44AFE7F187FA0508C1EC3 /* Constants.swift */; };
		2C2673F5D03E3CC614BA2F3A /* TransparentProxyExtension.appex in Embed Foundation Extensions */ = {isa = PBXBuildFile; fileRef = 840565F203C4D5FAFD4C1E19 /* TransparentProxyExtension.appex */; settings = {ATTRIBUTES = (CodeSignOnCopy, RemoveHeadersOnCopy, ); }; };
		33CC44DD55EE66FF77AA88BB /* ExtensionResourceStats.swift in Sources */ = {isa = PBXBuildFile; fileRef = E7D8A91B2C3D4E5F60718293 /* ExtensionResourceStats.swift */; };
		34BA9126A5908F090CAC52A6 /* SettingsView.swift in Sources */ = {isa = PBXBuildFile; fileRef = 5AF7FE9FDDCD675A8CF2918D /* SettingsView.swift */; };
		3912BB21FF77CDAAAFC2F866 /* TunnelBahnApp.swift in Sources */ = {isa = PBXBuildFile; fileRef = 1D0773D7DA0C4899C2FB05D9 /* TunnelBahnApp.swift */; };
		3FF08897B094FB314A2576AE /* AppRule.swift in Sources */ = {isa = PBXBuildFile; fileRef = C6AEA83BAE6A6F9B4EFA66D3 /* AppRule.swift */; };
		40F4EA71AC35412ED35A962A /* PerAppTransferStats.swift in Sources */ = {isa = PBXBuildFile; fileRef = F463C60E2BBFEA611BE9243A /* PerAppTransferStats.swift */; };
		428F287EAFBF9878D30436DC /* KeychainService.swift in Sources */ = {isa = PBXBuildFile; fileRef = B8E4AA7BE0C447E51BE149BC /* KeychainService.swift */; };
		44DD55EE66FF77AA88BB99CC /* ExtensionResourceStore.swift in Sources */ = {isa = PBXBuildFile; fileRef = F8E9B02C3D4E5F60718293AB /* ExtensionResourceStore.swift */; };
		55EE66FF77AA88BB99CC00DD /* ExtensionResourceStore.swift in Sources */ = {isa = PBXBuildFile; fileRef = F8E9B02C3D4E5F60718293AB /* ExtensionResourceStore.swift */; };
		55F92A597C5E3200AA3A0696 /* Constants.swift in Sources */ = {isa = PBXBuildFile; fileRef = 5FD44AFE7F187FA0508C1EC3 /* Constants.swift */; };
		614DD53D3CCA1AEB3E7FDDCB /* TunnelConnectivityProbe.swift in Sources */ = {isa = PBXBuildFile; fileRef = B01EC846F951388033018FDA /* TunnelConnectivityProbe.swift */; };
		627E3762335C3042F993ECFD /* AppGroup.swift in Sources */ = {isa = PBXBuildFile; fileRef = 7A326E604708829F35A2C2FE /* AppGroup.swift */; };
		66FF77AA88BB99CC00DD11EE /* ExtensionResourceStore.swift in Sources */ = {isa = PBXBuildFile; fileRef = F8E9B02C3D4E5F60718293AB /* ExtensionResourceStore.swift */; };
		6A875DEF40282A9C962FB171 /* ProfileEditorSheet.swift in Sources */ = {isa = PBXBuildFile; fileRef = 6DF2B41F806A433B201BFFDA /* ProfileEditorSheet.swift */; };
		79BB5657B3423CA730A8B4E0 /* ProfileStore.swift in Sources */ = {isa = PBXBuildFile; fileRef = 2388B271D3A5A5DC872F416A /* ProfileStore.swift */; };
		7A61CBAADF0E7A340007085E /* AppState.swift in Sources */ = {isa = PBXBuildFile; fileRef = A56B1DE7C326C9F499E31D20 /* AppState.swift */; };
		7F6E967524842A75F4E177EA /* ContentView.swift in Sources */ = {isa = PBXBuildFile; fileRef = 8C066CA526386F398EAAD416 /* ContentView.swift */; };
		7FE46529E271AA701B21343B /* PerAppTransferStore.swift in Sources */ = {isa = PBXBuildFile; fileRef = 804194AB9838F944A7CD9DD5 /* PerAppTransferStore.swift */; };
		83F7A2736B5E56EC8342004F /* PacketTunnelProvider.swift in Sources */ = {isa = PBXBuildFile; fileRef = 575EA7FA92707A3BE5CF97E1 /* PacketTunnelProvider.swift */; };
		87704DF880CFF272F33DF86A /* PacketTunnelExtension.appex in Embed Foundation Extensions */ = {isa = PBXBuildFile; fileRef = 888C8E8925251E02C15A943B /* PacketTunnelExtension.appex */; settings = {ATTRIBUTES = (CodeSignOnCopy, RemoveHeadersOnCopy, ); }; };
		8A75EC38FC5D685DDAA66E27 /* WireGuardProfile.swift in Sources */ = {isa = PBXBuildFile; fileRef = 597D1A15AF482ECB340F8519 /* WireGuardProfile.swift */; };
		8E5AECD0D7BACDE0885CFA6B /* PerAppTransferStore.swift in Sources */ = {isa = PBXBuildFile; fileRef = 804194AB9838F944A7CD9DD5 /* PerAppTransferStore.swift */; };
		9218BD1308ABA5BBCDE2D1E6 /* AppGroup.swift in Sources */ = {isa = PBXBuildFile; fileRef = 7A326E604708829F35A2C2FE /* AppGroup.swift */; };
		950889D4805B0B825BCFC1DC /* AppDiscoveryService.swift in Sources */ = {isa = PBXBuildFile; fileRef = 9C3EBCDA1A0C341A0630B092 /* AppDiscoveryService.swift */; };
		9C6F18B022DA3CE8022BB563 /* VPNManager.swift in Sources */ = {isa = PBXBuildFile; fileRef = CF5CCD4C2857BFC6B0CC64D5 /* VPNManager.swift */; };
		9F1EB3AA4E164B4139E3D474 /* AppsView.swift in Sources */ = {isa = PBXBuildFile; fileRef = 5D12CC90B02F8E0E071FEEB3 /* AppsView.swift */; };
		A19F882B4C3D5E6F708192A1 /* ReverseDNSResolver.swift in Sources */ = {isa = PBXBuildFile; fileRef = A19F882B4C3D5E6F708192A0 /* ReverseDNSResolver.swift */; };
		A685DC94E4525F366418659B /* LaunchAtLoginService.swift in Sources */ = {isa = PBXBuildFile; fileRef = 6D9A4FB22EE531616E707012 /* LaunchAtLoginService.swift */; };
		A795F9984DD264323A8560DC /* PerAppSigningCatalog.swift in Sources */ = {isa = PBXBuildFile; fileRef = 58E05756E27A7F82EAE7E623 /* PerAppSigningCatalog.swift */; };
		A86E88A2EAE8BE3B64B79F5D /* ResourceMonitor.swift in Sources */ = {isa = PBXBuildFile; fileRef = 8662E8905AA143B0792E3460 /* ResourceMonitor.swift */; };
		AA0001AABBCCDD1122334401 /* ProfileRoutingSnapshot.swift in Sources */ = {isa = PBXBuildFile; fileRef = AA0001AABBCCDD1122334402 /* ProfileRoutingSnapshot.swift */; };
		AA0002AABBCCDD1122334403 /* ProfileRoutingStore.swift in Sources */ = {isa = PBXBuildFile; fileRef = AA0002AABBCCDD1122334404 /* ProfileRoutingStore.swift */; };
		AA62ADAA37627A2E2634060E /* PerAppTransferStore.swift in Sources */ = {isa = PBXBuildFile; fileRef = 804194AB9838F944A7CD9DD5 /* PerAppTransferStore.swift */; };
		AE002EF8D50B5715C57F9BDD /* PerAppSigningCatalog.swift in Sources */ = {isa = PBXBuildFile; fileRef = 58E05756E27A7F82EAE7E623 /* PerAppSigningCatalog.swift */; };
		AE83F95512B56CE6958D60DF /* UDPFlowRelay.swift in Sources */ = {isa = PBXBuildFile; fileRef = D0D68D44B503472B582223E8 /* UDPFlowRelay.swift */; };
		AEC2773FCCE9A9B8592DFE0B /* PerAppIdentityMap.swift in Sources */ = {isa = PBXBuildFile; fileRef = 925B86B12D5DC6FCBB010E74 /* PerAppIdentityMap.swift */; };
		AF68F76B1E84C2E0A8EF3BB1 /* RoutingAction.swift in Sources */ = {isa = PBXBuildFile; fileRef = 50CB7F447B0157775A81E1F0 /* RoutingAction.swift */; };
		AF818DB11B0B8DC2DE23EE6C /* NEAppRuleBuilder.swift in Sources */ = {isa = PBXBuildFile; fileRef = 5C79F57236D533D1E1A9AD5D /* NEAppRuleBuilder.swift */; };
		B2CAC96BE280F102E188C71D /* ConnectionStats.swift in Sources */ = {isa = PBXBuildFile; fileRef = 147A18331F2C2E8D4BE615DC /* ConnectionStats.swift */; };
		B6D78E25A29EC4E097CDF76C /* AppSettings.swift in Sources */ = {isa = PBXBuildFile; fileRef = 8C416906295219B27FC07EF8 /* AppSettings.swift */; };
		B7B011C8DBC55ABB5B06F53D /* MenuBarController.swift in Sources */ = {isa = PBXBuildFile; fileRef = 056AF191BDE4A37210A30210 /* MenuBarController.swift */; };
		BA26CDBBB9F13DEE2C070819 /* Preview Assets.xcassets in Resources */ = {isa = PBXBuildFile; fileRef = 5054EF52E7B8C42D0BFEF7EF /* Preview Assets.xcassets */; };
		BACAD0D8374F49DBFB3D903E /* PerAppTransferStats.swift in Sources */ = {isa = PBXBuildFile; fileRef = F463C60E2BBFEA611BE9243A /* PerAppTransferStats.swift */; };
		BF6A0F8E4E3ADF9E7AB709C8 /* ConnectionStats.swift in Sources */ = {isa = PBXBuildFile; fileRef = 147A18331F2C2E8D4BE615DC /* ConnectionStats.swift */; };
		BFABB3077F5AB679E5233108 /* AppRule.swift in Sources */ = {isa = PBXBuildFile; fileRef = C6AEA83BAE6A6F9B4EFA66D3 /* AppRule.swift */; };
		C562B6E1EC3A0609FC770CBF /* BoringTunAdapter.swift in Sources */ = {isa = PBXBuildFile; fileRef = 955861FC235940330D863A3D /* BoringTunAdapter.swift */; };
		C6680FD04B19B8BE8B6CA3A0 /* ConnectionStats.swift in Sources */ = {isa = PBXBuildFile; fileRef = 147A18331F2C2E8D4BE615DC /* ConnectionStats.swift */; };
		C7AF0796BF521A0C617E7532 /* AppRule.swift in Sources */ = {isa = PBXBuildFile; fileRef = C6AEA83BAE6A6F9B4EFA66D3 /* AppRule.swift */; };
		C90BBF25A61D7293A634B533 /* Constants.swift in Sources */ = {isa = PBXBuildFile; fileRef = 5FD44AFE7F187FA0508C1EC3 /* Constants.swift */; };
		C9D75798CF250E9839C6DBAB /* PerAppSigningCatalog.swift in Sources */ = {isa = PBXBuildFile; fileRef = 58E05756E27A7F82EAE7E623 /* PerAppSigningCatalog.swift */; };
		C9E8D7C6B5A4938271605F0B /* DestinationCidrTextParser.swift in Sources */ = {isa = PBXBuildFile; fileRef = C9E8D7C6B5A4938271605F0A /* DestinationCidrTextParser.swift */; };
		CC563120D4B12D5595010390 /* RoutingAction.swift in Sources */ = {isa = PBXBuildFile; fileRef = 50CB7F447B0157775A81E1F0 /* RoutingAction.swift */; };
		D603C7099D4505F8802FA4C4 /* WireGuardConfigParser.swift in Sources */ = {isa = PBXBuildFile; fileRef = 132EDEF0EA68675638E19645 /* WireGuardConfigParser.swift */; };
		D6097D76FE808A9A7C33AFCD /* PerAppTransferStats.swift in Sources */ = {isa = PBXBuildFile; fileRef = F463C60E2BBFEA611BE9243A /* PerAppTransferStats.swift */; };
		D67A40C80D4A84EE8D02A634 /* ProfilesView.swift in Sources */ = {isa = PBXBuildFile; fileRef = C101AA2BA46E11A0A4EC93C3 /* ProfilesView.swift */; };
		D8251767F996F7EAA35C4BEE /* AppRuleStore.swift in Sources */ = {isa = PBXBuildFile; fileRef = 9295D880B3CBBD2AF7DF3388 /* AppRuleStore.swift */; };
		SB001AABBCCDD11223344EE /* ScopedBookmarkStore.swift in Sources */ = {isa = PBXBuildFile; fileRef = SB001AABBCCDD11223344FF /* ScopedBookmarkStore.swift */; };
		D89C9EED55BFD8BCF4ACAB53 /* WireGuardProfile.swift in Sources */ = {isa = PBXBuildFile; fileRef = 597D1A15AF482ECB340F8519 /* WireGuardProfile.swift */; };
		DB47FCCFDD0A705F0FBA98C9 /* PerAppCounterAggregator.swift in Sources */ = {isa = PBXBuildFile; fileRef = 4B4307871B6831A9807D56A2 /* PerAppCounterAggregator.swift */; };
		DE8098D54768316DFCDA0BC3 /* KeychainService.swift in Sources */ = {isa = PBXBuildFile; fileRef = B8E4AA7BE0C447E51BE149BC /* KeychainService.swift */; };
		E1A2B3C4D5E6F7A8B9C0D1E2 /* ProfileListView.swift in Sources */ = {isa = PBXBuildFile; fileRef = F1A2B3C4D5E6F7A8B9C0D1E3 /* ProfileListView.swift */; };
		E8D7C6B5A4938271605F0CEE /* DestinationCidrBulkGroup.swift in Sources */ = {isa = PBXBuildFile; fileRef = E8D7C6B5A4938271605F0CED /* DestinationCidrBulkGroup.swift */; };
		ECC1E93C73B84278566F3E5A /* WireGuardConfigRenderer.swift in Sources */ = {isa = PBXBuildFile; fileRef = 876F0DFB0843A40A070235AC /* WireGuardConfigRenderer.swift */; };
		EF89E1D30D19FE17E9EBEA67 /* AppGroup.swift in Sources */ = {isa = PBXBuildFile; fileRef = 7A326E604708829F35A2C2FE /* AppGroup.swift */; };
		F1E2D3C4B5A6978877665544 /* PerDestinationCounterAggregator.swift in Sources */ = {isa = PBXBuildFile; fileRef = E2D3C4B5A697887766554433 /* PerDestinationCounterAggregator.swift */; };
		F8440CEDF1137AA7D8D5D0B1 /* PerAppIdentityMap.swift in Sources */ = {isa = PBXBuildFile; fileRef = 925B86B12D5DC6FCBB010E74 /* PerAppIdentityMap.swift */; };
/* End PBXBuildFile section */

/* Begin PBXContainerItemProxy section */
		31063449DB351D7DE60C0922 /* PBXContainerItemProxy */ = {
			isa = PBXContainerItemProxy;
			containerPortal = 008ACF82343476CEB3BA09B5 /* Project object */;
			proxyType = 1;
			remoteGlobalIDString = 8D036A9487EEA447427A4EE2;
			remoteInfo = TransparentProxyExtension;
		};
		D7D1A28F17A7CA09429A26B7 /* PBXContainerItemProxy */ = {
			isa = PBXContainerItemProxy;
			containerPortal = 008ACF82343476CEB3BA09B5 /* Project object */;
			proxyType = 1;
			remoteGlobalIDString = A5DFE5D3B5175D2D358E833E;
			remoteInfo = PacketTunnelExtension;
		};
/* End PBXContainerItemProxy section */

/* Begin PBXCopyFilesBuildPhase section */
		06CB1499AADDB0572E7D6D91 /* Embed Foundation Extensions */ = {
			isa = PBXCopyFilesBuildPhase;
			buildActionMask = 2147483647;
			dstPath = "";
			dstSubfolderSpec = 13;
			files = (
				87704DF880CFF272F33DF86A /* PacketTunnelExtension.appex in Embed Foundation Extensions */,
				2C2673F5D03E3CC614BA2F3A /* TransparentProxyExtension.appex in Embed Foundation Extensions */,
			);
			name = "Embed Foundation Extensions";
			runOnlyForDeploymentPostprocessing = 0;
		};
/* End PBXCopyFilesBuildPhase section */

/* Begin PBXFileReference section */
		056AF191BDE4A37210A30210 /* MenuBarController.swift */ = {isa = PBXFileReference; lastKnownFileType = sourcecode.swift; path = MenuBarController.swift; sourceTree = "<group>"; };
		07BF00AABBCCDD11223344AA /* DestinationRouting.swift */ = {isa = PBXFileReference; lastKnownFileType = sourcecode.swift; path = DestinationRouting.swift; sourceTree = "<group>"; };
		07BF11AABBCCDD11223344BB /* DestinationCidrRule.swift */ = {isa = PBXFileReference; lastKnownFileType = sourcecode.swift; path = DestinationCidrRule.swift; sourceTree = "<group>"; };
		DD0001AABBCCDD1122334402 /* DestinationDomainRule.swift */ = {isa = PBXFileReference; lastKnownFileType = sourcecode.swift; path = DestinationDomainRule.swift; sourceTree = "<group>"; };
		DD0002AABBCCDD1122334404 /* DomainResolver.swift */ = {isa = PBXFileReference; lastKnownFileType = sourcecode.swift; path = DomainResolver.swift; sourceTree = "<group>"; };
		DD0003AABBCCDD1122334406 /* DomainResolutionCoordinator.swift */ = {isa = PBXFileReference; lastKnownFileType = sourcecode.swift; path = DomainResolutionCoordinator.swift; sourceTree = "<group>"; };
		07BF22AABBCCDD11223344DD /* DestinationRuleStore.swift */ = {isa = PBXFileReference; lastKnownFileType = sourcecode.swift; path = DestinationRuleStore.swift; sourceTree = "<group>"; };
		07BF33AABBCCDD11223344FF /* RoutingView.swift */ = {isa = PBXFileReference; lastKnownFileType = sourcecode.swift; path = RoutingView.swift; sourceTree = "<group>"; };
		A1B2C3D4E5F60011AABBCCEE /* InstantTooltip.swift */ = {isa = PBXFileReference; lastKnownFileType = sourcecode.swift; path = InstantTooltip.swift; sourceTree = "<group>"; };
		132EDEF0EA68675638E19645 /* WireGuardConfigParser.swift */ = {isa = PBXFileReference; lastKnownFileType = sourcecode.swift; path = WireGuardConfigParser.swift; sourceTree = "<group>"; };
		147A18331F2C2E8D4BE615DC /* ConnectionStats.swift */ = {isa = PBXFileReference; lastKnownFileType = sourcecode.swift; path = ConnectionStats.swift; sourceTree = "<group>"; };
		1D0773D7DA0C4899C2FB05D9 /* TunnelBahnApp.swift */ = {isa = PBXFileReference; lastKnownFileType = sourcecode.swift; path = TunnelBahnApp.swift; sourceTree = "<group>"; };
		2388B271D3A5A5DC872F416A /* ProfileStore.swift */ = {isa = PBXFileReference; lastKnownFileType = sourcecode.swift; path = ProfileStore.swift; sourceTree = "<group>"; };
		37A6CFF94E88489A119FFBAD /* Info.plist */ = {isa = PBXFileReference; lastKnownFileType = text.plist; path = Info.plist; sourceTree = "<group>"; };
		47B164468D00F3C7CB03ED60 /* TunnelBahn.entitlements */ = {isa = PBXFileReference; lastKnownFileType = text.plist.entitlements; path = TunnelBahn.entitlements; sourceTree = "<group>"; };
		4B4307871B6831A9807D56A2 /* PerAppCounterAggregator.swift */ = {isa = PBXFileReference; lastKnownFileType = sourcecode.swift; path = PerAppCounterAggregator.swift; sourceTree = "<group>"; };
		4B611342E4B03A2DAC1C2734 /* PacketTunnelExtension-Bridging-Header.h */ = {isa = PBXFileReference; lastKnownFileType = sourcecode.c.h; path = "PacketTunnelExtension-Bridging-Header.h"; sourceTree = "<group>"; };
		5054EF52E7B8C42D0BFEF7EF /* Preview Assets.xcassets */ = {isa = PBXFileReference; lastKnownFileType = folder.assetcatalog; path = "Preview Assets.xcassets"; sourceTree = "<group>"; };
		50CB7F447B0157775A81E1F0 /* RoutingAction.swift */ = {isa = PBXFileReference; lastKnownFileType = sourcecode.swift; path = RoutingAction.swift; sourceTree = "<group>"; };
		575EA7FA92707A3BE5CF97E1 /* PacketTunnelProvider.swift */ = {isa = PBXFileReference; lastKnownFileType = sourcecode.swift; path = PacketTunnelProvider.swift; sourceTree = "<group>"; };
		58E05756E27A7F82EAE7E623 /* PerAppSigningCatalog.swift */ = {isa = PBXFileReference; lastKnownFileType = sourcecode.swift; path = PerAppSigningCatalog.swift; sourceTree = "<group>"; };
		597D1A15AF482ECB340F8519 /* WireGuardProfile.swift */ = {isa = PBXFileReference; lastKnownFileType = sourcecode.swift; path = WireGuardProfile.swift; sourceTree = "<group>"; };
		5AF7FE9FDDCD675A8CF2918D /* SettingsView.swift */ = {isa = PBXFileReference; lastKnownFileType = sourcecode.swift; path = SettingsView.swift; sourceTree = "<group>"; };
		5C79F57236D533D1E1A9AD5D /* NEAppRuleBuilder.swift */ = {isa = PBXFileReference; lastKnownFileType = sourcecode.swift; path = NEAppRuleBuilder.swift; sourceTree = "<group>"; };
		5D12CC90B02F8E0E071FEEB3 /* AppsView.swift */ = {isa = PBXFileReference; lastKnownFileType = sourcecode.swift; path = AppsView.swift; sourceTree = "<group>"; };
		5FD44AFE7F187FA0508C1EC3 /* Constants.swift */ = {isa = PBXFileReference; lastKnownFileType = sourcecode.swift; path = Constants.swift; sourceTree = "<group>"; };
		6D9A4FB22EE531616E707012 /* LaunchAtLoginService.swift */ = {isa = PBXFileReference; lastKnownFileType = sourcecode.swift; path = LaunchAtLoginService.swift; sourceTree = "<group>"; };
		6DCB83B1688B1EF965FFC092 /* TransparentProxyExtension.entitlements */ = {isa = PBXFileReference; lastKnownFileType = text.plist.entitlements; path = TransparentProxyExtension.entitlements; sourceTree = "<group>"; };
		6DF2B41F806A433B201BFFDA /* ProfileEditorSheet.swift */ = {isa = PBXFileReference; lastKnownFileType = sourcecode.swift; path = ProfileEditorSheet.swift; sourceTree = "<group>"; };
		7758E4B01EF07FE4AFE8EA1C /* Info.plist */ = {isa = PBXFileReference; lastKnownFileType = text.plist; path = Info.plist; sourceTree = "<group>"; };
		7A326E604708829F35A2C2FE /* AppGroup.swift */ = {isa = PBXFileReference; lastKnownFileType = sourcecode.swift; path = AppGroup.swift; sourceTree = "<group>"; };
		804194AB9838F944A7CD9DD5 /* PerAppTransferStore.swift */ = {isa = PBXFileReference; lastKnownFileType = sourcecode.swift; path = PerAppTransferStore.swift; sourceTree = "<group>"; };
		8108BE3F731F12F6601FB84C /* EndpointBridge.swift */ = {isa = PBXFileReference; lastKnownFileType = sourcecode.swift; path = EndpointBridge.swift; sourceTree = "<group>"; };
		832330F2308BBB09BCD44A43 /* Assets.xcassets */ = {isa = PBXFileReference; lastKnownFileType = folder.assetcatalog; path = Assets.xcassets; sourceTree = "<group>"; };
		PI001AABBCCDD11223344FF /* PrivacyInfo.xcprivacy */ = {isa = PBXFileReference; lastKnownFileType = text.plist.xml; path = PrivacyInfo.xcprivacy; sourceTree = "<group>"; };
		840565F203C4D5FAFD4C1E19 /* TransparentProxyExtension.appex */ = {isa = PBXFileReference; explicitFileType = "wrapper.app-extension"; includeInIndex = 0; path = TransparentProxyExtension.appex; sourceTree = BUILT_PRODUCTS_DIR; };
		8662E8905AA143B0792E3460 /* ResourceMonitor.swift */ = {isa = PBXFileReference; lastKnownFileType = sourcecode.swift; path = ResourceMonitor.swift; sourceTree = "<group>"; };
		876F0DFB0843A40A070235AC /* WireGuardConfigRenderer.swift */ = {isa = PBXFileReference; lastKnownFileType = sourcecode.swift; path = WireGuardConfigRenderer.swift; sourceTree = "<group>"; };
		888C8E8925251E02C15A943B /* PacketTunnelExtension.appex */ = {isa = PBXFileReference; explicitFileType = "wrapper.app-extension"; includeInIndex = 0; path = PacketTunnelExtension.appex; sourceTree = BUILT_PRODUCTS_DIR; };
		8BF2A5ECBAD86AFA7F85F69B /* tunnelbahn_wg_ffi.h */ = {isa = PBXFileReference; lastKnownFileType = sourcecode.c.h; path = tunnelbahn_wg_ffi.h; sourceTree = "<group>"; };
		8C066CA526386F398EAAD416 /* ContentView.swift */ = {isa = PBXFileReference; lastKnownFileType = sourcecode.swift; path = ContentView.swift; sourceTree = "<group>"; };
		8C416906295219B27FC07EF8 /* AppSettings.swift */ = {isa = PBXFileReference; lastKnownFileType = sourcecode.swift; path = AppSettings.swift; sourceTree = "<group>"; };
		8DE7D4A99ABC9F1B9A4C3781 /* TransparentProxyProvider.swift */ = {isa = PBXFileReference; lastKnownFileType = sourcecode.swift; path = TransparentProxyProvider.swift; sourceTree = "<group>"; };
		925B86B12D5DC6FCBB010E74 /* PerAppIdentityMap.swift */ = {isa = PBXFileReference; lastKnownFileType = sourcecode.swift; path = PerAppIdentityMap.swift; sourceTree = "<group>"; };
		9295D880B3CBBD2AF7DF3388 /* AppRuleStore.swift */ = {isa = PBXFileReference; lastKnownFileType = sourcecode.swift; path = AppRuleStore.swift; sourceTree = "<group>"; };
		SB001AABBCCDD11223344FF /* ScopedBookmarkStore.swift */ = {isa = PBXFileReference; lastKnownFileType = sourcecode.swift; path = ScopedBookmarkStore.swift; sourceTree = "<group>"; };
		955861FC235940330D863A3D /* BoringTunAdapter.swift */ = {isa = PBXFileReference; lastKnownFileType = sourcecode.swift; path = BoringTunAdapter.swift; sourceTree = "<group>"; };
		9C3EBCDA1A0C341A0630B092 /* AppDiscoveryService.swift */ = {isa = PBXFileReference; lastKnownFileType = sourcecode.swift; path = AppDiscoveryService.swift; sourceTree = "<group>"; };
		A19F882B4C3D5E6F708192A0 /* ReverseDNSResolver.swift */ = {isa = PBXFileReference; lastKnownFileType = sourcecode.swift; path = ReverseDNSResolver.swift; sourceTree = "<group>"; };
		A56B1DE7C326C9F499E31D20 /* AppState.swift */ = {isa = PBXFileReference; lastKnownFileType = sourcecode.swift; path = AppState.swift; sourceTree = "<group>"; };
		AA0001AABBCCDD1122334402 /* ProfileRoutingSnapshot.swift */ = {isa = PBXFileReference; lastKnownFileType = sourcecode.swift; path = ProfileRoutingSnapshot.swift; sourceTree = "<group>"; };
		AA0002AABBCCDD1122334404 /* ProfileRoutingStore.swift */ = {isa = PBXFileReference; lastKnownFileType = sourcecode.swift; path = ProfileRoutingStore.swift; sourceTree = "<group>"; };
		B01EC846F951388033018FDA /* TunnelConnectivityProbe.swift */ = {isa = PBXFileReference; lastKnownFileType = sourcecode.swift; path = TunnelConnectivityProbe.swift; sourceTree = "<group>"; };
		B3B3A483CAA076196A178605 /* ProfileDetailView.swift */ = {isa = PBXFileReference; lastKnownFileType = sourcecode.swift; path = ProfileDetailView.swift; sourceTree = "<group>"; };
		B8E4AA7BE0C447E51BE149BC /* KeychainService.swift */ = {isa = PBXFileReference; lastKnownFileType = sourcecode.swift; path = KeychainService.swift; sourceTree = "<group>"; };
		B9893ED8A6939F0FB34E45C9 /* Info.plist */ = {isa = PBXFileReference; lastKnownFileType = text.plist; path = Info.plist; sourceTree = "<group>"; };
		C101AA2BA46E11A0A4EC93C3 /* ProfilesView.swift */ = {isa = PBXFileReference; lastKnownFileType = sourcecode.swift; path = ProfilesView.swift; sourceTree = "<group>"; };
		C4AC765CF34646BCD29959AE /* TunnelBahn.app */ = {isa = PBXFileReference; explicitFileType = wrapper.application; includeInIndex = 0; path = TunnelBahn.app; sourceTree = BUILT_PRODUCTS_DIR; };
		C6AEA83BAE6A6F9B4EFA66D3 /* AppRule.swift */ = {isa = PBXFileReference; lastKnownFileType = sourcecode.swift; path = AppRule.swift; sourceTree = "<group>"; };
		C9E8D7C6B5A4938271605F0A /* DestinationCidrTextParser.swift */ = {isa = PBXFileReference; lastKnownFileType = sourcecode.swift; path = DestinationCidrTextParser.swift; sourceTree = "<group>"; };
		CF5CCD4C2857BFC6B0CC64D5 /* VPNManager.swift */ = {isa = PBXFileReference; lastKnownFileType = sourcecode.swift; path = VPNManager.swift; sourceTree = "<group>"; };
		D0D68D44B503472B582223E8 /* UDPFlowRelay.swift */ = {isa = PBXFileReference; lastKnownFileType = sourcecode.swift; path = UDPFlowRelay.swift; sourceTree = "<group>"; };
		DC29A9C973A1866D9DFCB80E /* NetworkExtension.entitlements */ = {isa = PBXFileReference; lastKnownFileType = text.plist.entitlements; path = NetworkExtension.entitlements; sourceTree = "<group>"; };
		E2D3C4B5A697887766554433 /* PerDestinationCounterAggregator.swift */ = {isa = PBXFileReference; lastKnownFileType = sourcecode.swift; path = PerDestinationCounterAggregator.swift; sourceTree = "<group>"; };
		E7D8A91B2C3D4E5F60718293 /* ExtensionResourceStats.swift */ = {isa = PBXFileReference; lastKnownFileType = sourcecode.swift; path = ExtensionResourceStats.swift; sourceTree = "<group>"; };
		E8D7C6B5A4938271605F0CED /* DestinationCidrBulkGroup.swift */ = {isa = PBXFileReference; lastKnownFileType = sourcecode.swift; path = DestinationCidrBulkGroup.swift; sourceTree = "<group>"; };
		F1A2B3C4D5E6F7A8B9C0D1E3 /* ProfileListView.swift */ = {isa = PBXFileReference; lastKnownFileType = sourcecode.swift; path = ProfileListView.swift; sourceTree = "<group>"; };
		F353E3CB30DD269B8D220A2E /* TCPFlowRelay.swift */ = {isa = PBXFileReference; lastKnownFileType = sourcecode.swift; path = TCPFlowRelay.swift; sourceTree = "<group>"; };
		F463C60E2BBFEA611BE9243A /* PerAppTransferStats.swift */ = {isa = PBXFileReference; lastKnownFileType = sourcecode.swift; path = PerAppTransferStats.swift; sourceTree = "<group>"; };
		F7E43092154982D7DF581773 /* PerAppStatsProxyManager.swift */ = {isa = PBXFileReference; lastKnownFileType = sourcecode.swift; path = PerAppStatsProxyManager.swift; sourceTree = "<group>"; };
		F86BBF39930242EB8FF86F54 /* StatusView.swift */ = {isa = PBXFileReference; lastKnownFileType = sourcecode.swift; path = StatusView.swift; sourceTree = "<group>"; };
		F8E9B02C3D4E5F60718293AB /* ExtensionResourceStore.swift */ = {isa = PBXFileReference; lastKnownFileType = sourcecode.swift; path = ExtensionResourceStore.swift; sourceTree = "<group>"; };
/* End PBXFileReference section */

/* Begin PBXFrameworksBuildPhase section */
		D44B9A7E1E5E13337839BBA5 /* Frameworks */ = {
			isa = PBXFrameworksBuildPhase;
			buildActionMask = 2147483647;
			files = (
			);
			runOnlyForDeploymentPostprocessing = 0;
		};
/* End PBXFrameworksBuildPhase section */

/* Begin PBXGroup section */
		04B002D86C2C2BD736D21385 = {
			isa = PBXGroup;
			children = (
				5C9DAB85C2A30C6F28090C81 /* NetworkExtension */,
				B95B5C14707851CD0AAF0881 /* Shared */,
				496075DC557B175629CD2713 /* TransparentProxyExtension */,
				3EB3821CDC456515E75EDF33 /* TunnelBahn */,
				AEAF18816FC1DA996B5E4FAE /* Products */,
			);
			sourceTree = "<group>";
		};
		2557F32E8BC62599CB8EAB9F /* Views */ = {
			isa = PBXGroup;
			children = (
				5D12CC90B02F8E0E071FEEB3 /* AppsView.swift */,
				8C066CA526386F398EAAD416 /* ContentView.swift */,
					B3B3A483CAA076196A178605 /* ProfileDetailView.swift */,
				6DF2B41F806A433B201BFFDA /* ProfileEditorSheet.swift */,
				C101AA2BA46E11A0A4EC93C3 /* ProfilesView.swift */,
				F1A2B3C4D5E6F7A8B9C0D1E3 /* ProfileListView.swift */,
				07BF33AABBCCDD11223344FF /* RoutingView.swift */,
				A1B2C3D4E5F60011AABBCCEE /* InstantTooltip.swift */,
				5AF7FE9FDDCD675A8CF2918D /* SettingsView.swift */,
				F86BBF39930242EB8FF86F54 /* StatusView.swift */,
			);
			path = Views;
			sourceTree = "<group>";
		};
		3EB3821CDC456515E75EDF33 /* TunnelBahn */ = {
			isa = PBXGroup;
			children = (
				A56B1DE7C326C9F499E31D20 /* AppState.swift */,
				B9893ED8A6939F0FB34E45C9 /* Info.plist */,
				47B164468D00F3C7CB03ED60 /* TunnelBahn.entitlements */,
				1D0773D7DA0C4899C2FB05D9 /* TunnelBahnApp.swift */,
				ED0A2A1A676F2976F4F61547 /* MenuBar */,
				A288E2FD05DFCE087D9FF33A /* Models */,
				C9E6246D3E66409F5EE043B4 /* Resources */,
				6F7870A8A816866F9C1FBAB9 /* Services */,
				2557F32E8BC62599CB8EAB9F /* Views */,
			);
			path = TunnelBahn;
			sourceTree = "<group>";
		};
		496075DC557B175629CD2713 /* TransparentProxyExtension */ = {
			isa = PBXGroup;
			children = (
				8108BE3F731F12F6601FB84C /* EndpointBridge.swift */,
				37A6CFF94E88489A119FFBAD /* Info.plist */,
				4B4307871B6831A9807D56A2 /* PerAppCounterAggregator.swift */,
				E2D3C4B5A697887766554433 /* PerDestinationCounterAggregator.swift */,
				F353E3CB30DD269B8D220A2E /* TCPFlowRelay.swift */,
				6DCB83B1688B1EF965FFC092 /* TransparentProxyExtension.entitlements */,
				8DE7D4A99ABC9F1B9A4C3781 /* TransparentProxyProvider.swift */,
				D0D68D44B503472B582223E8 /* UDPFlowRelay.swift */,
			);
			path = TransparentProxyExtension;
			sourceTree = "<group>";
		};
		5C9DAB85C2A30C6F28090C81 /* NetworkExtension */ = {
			isa = PBXGroup;
			children = (
				955861FC235940330D863A3D /* BoringTunAdapter.swift */,
				7758E4B01EF07FE4AFE8EA1C /* Info.plist */,
				DC29A9C973A1866D9DFCB80E /* NetworkExtension.entitlements */,
				4B611342E4B03A2DAC1C2734 /* PacketTunnelExtension-Bridging-Header.h */,
				575EA7FA92707A3BE5CF97E1 /* PacketTunnelProvider.swift */,
				8BF2A5ECBAD86AFA7F85F69B /* tunnelbahn_wg_ffi.h */,
			);
			path = NetworkExtension;
			sourceTree = "<group>";
		};
		6F7870A8A816866F9C1FBAB9 /* Services */ = {
			isa = PBXGroup;
			children = (
				9C3EBCDA1A0C341A0630B092 /* AppDiscoveryService.swift */,
				9295D880B3CBBD2AF7DF3388 /* AppRuleStore.swift */,
				8C416906295219B27FC07EF8 /* AppSettings.swift */,
				C9E8D7C6B5A4938271605F0A /* DestinationCidrTextParser.swift */,
				07BF22AABBCCDD11223344DD /* DestinationRuleStore.swift */,
				DD0002AABBCCDD1122334404 /* DomainResolver.swift */,
				DD0003AABBCCDD1122334406 /* DomainResolutionCoordinator.swift */,
				6D9A4FB22EE531616E707012 /* LaunchAtLoginService.swift */,
				5C79F57236D533D1E1A9AD5D /* NEAppRuleBuilder.swift */,
				F7E43092154982D7DF581773 /* PerAppStatsProxyManager.swift */,
				AA0002AABBCCDD1122334404 /* ProfileRoutingStore.swift */,
				2388B271D3A5A5DC872F416A /* ProfileStore.swift */,
				8662E8905AA143B0792E3460 /* ResourceMonitor.swift */,
				A19F882B4C3D5E6F708192A0 /* ReverseDNSResolver.swift */,
				SB001AABBCCDD11223344FF /* ScopedBookmarkStore.swift */,
				B01EC846F951388033018FDA /* TunnelConnectivityProbe.swift */,
				CF5CCD4C2857BFC6B0CC64D5 /* VPNManager.swift */,
				132EDEF0EA68675638E19645 /* WireGuardConfigParser.swift */,
				876F0DFB0843A40A070235AC /* WireGuardConfigRenderer.swift */,
			);
			path = Services;
			sourceTree = "<group>";
		};
		A0D832DCD779F91F3A8A3581 /* Preview Content */ = {
			isa = PBXGroup;
			children = (
				5054EF52E7B8C42D0BFEF7EF /* Preview Assets.xcassets */,
			);
			path = "Preview Content";
			sourceTree = "<group>";
		};
		A288E2FD05DFCE087D9FF33A /* Models */ = {
			isa = PBXGroup;
			children = (
				C6AEA83BAE6A6F9B4EFA66D3 /* AppRule.swift */,
				147A18331F2C2E8D4BE615DC /* ConnectionStats.swift */,
				07BF11AABBCCDD11223344BB /* DestinationCidrRule.swift */,
				E8D7C6B5A4938271605F0CED /* DestinationCidrBulkGroup.swift */,
				DD0001AABBCCDD1122334402 /* DestinationDomainRule.swift */,
				AA0001AABBCCDD1122334402 /* ProfileRoutingSnapshot.swift */,
				597D1A15AF482ECB340F8519 /* WireGuardProfile.swift */,
			);
			path = Models;
			sourceTree = "<group>";
		};
		AEAF18816FC1DA996B5E4FAE /* Products */ = {
			isa = PBXGroup;
			children = (
				888C8E8925251E02C15A943B /* PacketTunnelExtension.appex */,
				840565F203C4D5FAFD4C1E19 /* TransparentProxyExtension.appex */,
				C4AC765CF34646BCD29959AE /* TunnelBahn.app */,
			);
			name = Products;
			sourceTree = "<group>";
		};
		B95B5C14707851CD0AAF0881 /* Shared */ = {
			isa = PBXGroup;
			children = (
				7A326E604708829F35A2C2FE /* AppGroup.swift */,
				5FD44AFE7F187FA0508C1EC3 /* Constants.swift */,
				07BF00AABBCCDD11223344AA /* DestinationRouting.swift */,
				B8E4AA7BE0C447E51BE149BC /* KeychainService.swift */,
				925B86B12D5DC6FCBB010E74 /* PerAppIdentityMap.swift */,
				58E05756E27A7F82EAE7E623 /* PerAppSigningCatalog.swift */,
				F463C60E2BBFEA611BE9243A /* PerAppTransferStats.swift */,
				E7D8A91B2C3D4E5F60718293 /* ExtensionResourceStats.swift */,
				F8E9B02C3D4E5F60718293AB /* ExtensionResourceStore.swift */,
				804194AB9838F944A7CD9DD5 /* PerAppTransferStore.swift */,
				50CB7F447B0157775A81E1F0 /* RoutingAction.swift */,
			);
			path = Shared;
			sourceTree = "<group>";
		};
		C9E6246D3E66409F5EE043B4 /* Resources */ = {
			isa = PBXGroup;
			children = (
				832330F2308BBB09BCD44A43 /* Assets.xcassets */,
				A0D832DCD779F91F3A8A3581 /* Preview Content */,
				PI001AABBCCDD11223344FF /* PrivacyInfo.xcprivacy */,
			);
			path = Resources;
			sourceTree = "<group>";
		};
		ED0A2A1A676F2976F4F61547 /* MenuBar */ = {
			isa = PBXGroup;
			children = (
				056AF191BDE4A37210A30210 /* MenuBarController.swift */,
			);
			path = MenuBar;
			sourceTree = "<group>";
		};
/* End PBXGroup section */

/* Begin PBXNativeTarget section */
		8D036A9487EEA447427A4EE2 /* TransparentProxyExtension */ = {
			isa = PBXNativeTarget;
			buildConfigurationList = 4C1DFE783535A9385A1B8B85 /* Build configuration list for PBXNativeTarget "TransparentProxyExtension" */;
			buildPhases = (
				CD41615FA5A3F79900E38DD0 /* Sources */,
			);
			buildRules = (
			);
			dependencies = (
			);
			name = TransparentProxyExtension;
			packageProductDependencies = (
			);
			productName = TransparentProxyExtension;
			productReference = 840565F203C4D5FAFD4C1E19 /* TransparentProxyExtension.appex */;
			productType = "com.apple.product-type.app-extension";
		};
		A5DFE5D3B5175D2D358E833E /* PacketTunnelExtension */ = {
			isa = PBXNativeTarget;
			buildConfigurationList = 4F49E87E472B0209FB3333C0 /* Build configuration list for PBXNativeTarget "PacketTunnelExtension" */;
			buildPhases = (
				B487F6460EA5B40BE9F6E83F /* Build BoringTunBridge (universal) */,
				4A88AAB3F15969BEF41F008D /* Sources */,
				D44B9A7E1E5E13337839BBA5 /* Frameworks */,
			);
			buildRules = (
			);
			dependencies = (
			);
			name = PacketTunnelExtension;
			packageProductDependencies = (
			);
			productName = PacketTunnelExtension;
			productReference = 888C8E8925251E02C15A943B /* PacketTunnelExtension.appex */;
			productType = "com.apple.product-type.app-extension";
		};
		F1B81DFB16C0AC3C70771F60 /* TunnelBahn */ = {
			isa = PBXNativeTarget;
			buildConfigurationList = 202BC92401F6C75A3A37DD39 /* Build configuration list for PBXNativeTarget "TunnelBahn" */;
			buildPhases = (
				AC3CBDE03294A1D1946E6C37 /* Sources */,
				CC1BC3C2EF15A51DD3E2C5D0 /* Resources */,
				06CB1499AADDB0572E7D6D91 /* Embed Foundation Extensions */,
			);
			buildRules = (
			);
			dependencies = (
				39617DC3FDD6D3C53762CF0D /* PBXTargetDependency */,
				10158CEF05CF658D9017C4F6 /* PBXTargetDependency */,
			);
			name = TunnelBahn;
			packageProductDependencies = (
			);
			productName = TunnelBahn;
			productReference = C4AC765CF34646BCD29959AE /* TunnelBahn.app */;
			productType = "com.apple.product-type.application";
		};
/* End PBXNativeTarget section */

/* Begin PBXProject section */
		008ACF82343476CEB3BA09B5 /* Project object */ = {
			isa = PBXProject;
			attributes = {
				BuildIndependentTargetsInParallel = YES;
				LastUpgradeCheck = 2650;
				TargetAttributes = {
					8D036A9487EEA447427A4EE2 = {
						DevelopmentTeam = 92G3VZAPVG;
						ProvisioningStyle = Automatic;
					};
					A5DFE5D3B5175D2D358E833E = {
						DevelopmentTeam = 92G3VZAPVG;
						ProvisioningStyle = Automatic;
					};
					F1B81DFB16C0AC3C70771F60 = {
						DevelopmentTeam = 92G3VZAPVG;
						ProvisioningStyle = Automatic;
					};
				};
			};
			buildConfigurationList = 36DF0E591F470E22F3CD7750 /* Build configuration list for PBXProject "TunnelBahn" */;
			developmentRegion = en;
			hasScannedForEncodings = 0;
			knownRegions = (
				Base,
				en,
			);
			mainGroup = 04B002D86C2C2BD736D21385;
			minimizedProjectReferenceProxies = 1;
			packageReferences = (
			);
			preferredProjectObjectVersion = 77;
			productRefGroup = AEAF18816FC1DA996B5E4FAE /* Products */;
			projectDirPath = "";
			projectRoot = "";
			targets = (
				A5DFE5D3B5175D2D358E833E /* PacketTunnelExtension */,
				8D036A9487EEA447427A4EE2 /* TransparentProxyExtension */,
				F1B81DFB16C0AC3C70771F60 /* TunnelBahn */,
			);
		};
/* End PBXProject section */

/* Begin PBXResourcesBuildPhase section */
		CC1BC3C2EF15A51DD3E2C5D0 /* Resources */ = {
			isa = PBXResourcesBuildPhase;
			buildActionMask = 2147483647;
			files = (
				035FABFA0601E358F352C11B /* Assets.xcassets in Resources */,
				BA26CDBBB9F13DEE2C070819 /* Preview Assets.xcassets in Resources */,
				PI001AABBCCDD11223344EE /* PrivacyInfo.xcprivacy in Resources */,
			);
			runOnlyForDeploymentPostprocessing = 0;
		};
/* End PBXResourcesBuildPhase section */

/* Begin PBXShellScriptBuildPhase section */
		B487F6460EA5B40BE9F6E83F /* Build BoringTunBridge (universal) */ = {
			isa = PBXShellScriptBuildPhase;
			alwaysOutOfDate = 1;
			buildActionMask = 2147483647;
			files = (
			);
			inputFileListPaths = (
			);
			inputPaths = (
			);
			name = "Build BoringTunBridge (universal)";
			outputFileListPaths = (
			);
			outputPaths = (
			);
			runOnlyForDeploymentPostprocessing = 0;
			shellPath = /bin/sh;
			shellScript = "set -euo pipefail\nexport MACOSX_DEPLOYMENT_TARGET=\"${MACOSX_DEPLOYMENT_TARGET:-14.0}\"\nif [ ! -f \"${SRCROOT}/Frameworks/libboringtun_bridge.a\" ]; then\n  bash \"${SRCROOT}/BoringTunBridge/build.sh\"\nfi\n";
		};
/* End PBXShellScriptBuildPhase section */

/* Begin PBXSourcesBuildPhase section */
		4A88AAB3F15969BEF41F008D /* Sources */ = {
			isa = PBXSourcesBuildPhase;
			buildActionMask = 2147483647;
			files = (
				627E3762335C3042F993ECFD /* AppGroup.swift in Sources */,
				3FF08897B094FB314A2576AE /* AppRule.swift in Sources */,
				C562B6E1EC3A0609FC770CBF /* BoringTunAdapter.swift in Sources */,
				B2CAC96BE280F102E188C71D /* ConnectionStats.swift in Sources */,
				55F92A597C5E3200AA3A0696 /* Constants.swift in Sources */,
				139A74645FABEA868BEFD896 /* KeychainService.swift in Sources */,
				83F7A2736B5E56EC8342004F /* PacketTunnelProvider.swift in Sources */,
				F8440CEDF1137AA7D8D5D0B1 /* PerAppIdentityMap.swift in Sources */,
				A795F9984DD264323A8560DC /* PerAppSigningCatalog.swift in Sources */,
				BACAD0D8374F49DBFB3D903E /* PerAppTransferStats.swift in Sources */,
				11AA22BB33CC44DD55EE66FF /* ExtensionResourceStats.swift in Sources */,
				44DD55EE66FF77AA88BB99CC /* ExtensionResourceStore.swift in Sources */,
				7FE46529E271AA701B21343B /* PerAppTransferStore.swift in Sources */,
				1DD70115E16E2BF47ADE14CB /* RoutingAction.swift in Sources */,
				D89C9EED55BFD8BCF4ACAB53 /* WireGuardProfile.swift in Sources */,
			);
			runOnlyForDeploymentPostprocessing = 0;
		};
		AC3CBDE03294A1D1946E6C37 /* Sources */ = {
			isa = PBXSourcesBuildPhase;
			buildActionMask = 2147483647;
			files = (
				950889D4805B0B825BCFC1DC /* AppDiscoveryService.swift in Sources */,
				9218BD1308ABA5BBCDE2D1E6 /* AppGroup.swift in Sources */,
				C7AF0796BF521A0C617E7532 /* AppRule.swift in Sources */,
				D8251767F996F7EAA35C4BEE /* AppRuleStore.swift in Sources */,
				B6D78E25A29EC4E097CDF76C /* AppSettings.swift in Sources */,
				07BF11AABBCCDD11223344AA /* DestinationCidrRule.swift in Sources */,
				E8D7C6B5A4938271605F0CEE /* DestinationCidrBulkGroup.swift in Sources */,
				DD0001AABBCCDD1122334401 /* DestinationDomainRule.swift in Sources */,
				07BF22AABBCCDD11223344CC /* DestinationRuleStore.swift in Sources */,
				DD0002AABBCCDD1122334403 /* DomainResolver.swift in Sources */,
				DD0003AABBCCDD1122334405 /* DomainResolutionCoordinator.swift in Sources */,
				C9E8D7C6B5A4938271605F0B /* DestinationCidrTextParser.swift in Sources */,
				7A61CBAADF0E7A340007085E /* AppState.swift in Sources */,
				9F1EB3AA4E164B4139E3D474 /* AppsView.swift in Sources */,
				BF6A0F8E4E3ADF9E7AB709C8 /* ConnectionStats.swift in Sources */,
				2A3981ACBD6448C3B6161E9D /* Constants.swift in Sources */,
				07BF00AABBCCDD1122334499 /* DestinationRouting.swift in Sources */,
				7F6E967524842A75F4E177EA /* ContentView.swift in Sources */,
					428F287EAFBF9878D30436DC /* KeychainService.swift in Sources */,
				A685DC94E4525F366418659B /* LaunchAtLoginService.swift in Sources */,
				B7B011C8DBC55ABB5B06F53D /* MenuBarController.swift in Sources */,
				AF818DB11B0B8DC2DE23EE6C /* NEAppRuleBuilder.swift in Sources */,
				AEC2773FCCE9A9B8592DFE0B /* PerAppIdentityMap.swift in Sources */,
				C9D75798CF250E9839C6DBAB /* PerAppSigningCatalog.swift in Sources */,
				0393E05DDE08CCC0854817CD /* PerAppStatsProxyManager.swift in Sources */,
				40F4EA71AC35412ED35A962A /* PerAppTransferStats.swift in Sources */,
				22BB33CC44DD55EE66FF77AA /* ExtensionResourceStats.swift in Sources */,
				55EE66FF77AA88BB99CC00DD /* ExtensionResourceStore.swift in Sources */,
				8E5AECD0D7BACDE0885CFA6B /* PerAppTransferStore.swift in Sources */,
				014C2FCBF12405FEFD835E63 /* ProfileDetailView.swift in Sources */,
				6A875DEF40282A9C962FB171 /* ProfileEditorSheet.swift in Sources */,
				AA0001AABBCCDD1122334401 /* ProfileRoutingSnapshot.swift in Sources */,
				AA0002AABBCCDD1122334403 /* ProfileRoutingStore.swift in Sources */,
				79BB5657B3423CA730A8B4E0 /* ProfileStore.swift in Sources */,
				D67A40C80D4A84EE8D02A634 /* ProfilesView.swift in Sources */,
				E1A2B3C4D5E6F7A8B9C0D1E2 /* ProfileListView.swift in Sources */,
				A86E88A2EAE8BE3B64B79F5D /* ResourceMonitor.swift in Sources */,
				A19F882B4C3D5E6F708192A1 /* ReverseDNSResolver.swift in Sources */,
				SB001AABBCCDD11223344EE /* ScopedBookmarkStore.swift in Sources */,
				CC563120D4B12D5595010390 /* RoutingAction.swift in Sources */,
				07BF33AABBCCDD11223344EE /* RoutingView.swift in Sources */,
				A1B2C3D4E5F60011AABBCCDD /* InstantTooltip.swift in Sources */,
				34BA9126A5908F090CAC52A6 /* SettingsView.swift in Sources */,
				09BD4C6EA2737467C4AFA12E /* StatusView.swift in Sources */,
				3912BB21FF77CDAAAFC2F866 /* TunnelBahnApp.swift in Sources */,
				614DD53D3CCA1AEB3E7FDDCB /* TunnelConnectivityProbe.swift in Sources */,
				9C6F18B022DA3CE8022BB563 /* VPNManager.swift in Sources */,
				D603C7099D4505F8802FA4C4 /* WireGuardConfigParser.swift in Sources */,
				ECC1E93C73B84278566F3E5A /* WireGuardConfigRenderer.swift in Sources */,
				27EDCA620298FE518812E883 /* WireGuardProfile.swift in Sources */,
			);
			runOnlyForDeploymentPostprocessing = 0;
		};
		CD41615FA5A3F79900E38DD0 /* Sources */ = {
			isa = PBXSourcesBuildPhase;
			buildActionMask = 2147483647;
			files = (
				EF89E1D30D19FE17E9EBEA67 /* AppGroup.swift in Sources */,
				BFABB3077F5AB679E5233108 /* AppRule.swift in Sources */,
				C6680FD04B19B8BE8B6CA3A0 /* ConnectionStats.swift in Sources */,
				C90BBF25A61D7293A634B533 /* Constants.swift in Sources */,
				07BF00DDEEFF009988776655 /* DestinationRouting.swift in Sources */,
				0E304F12798C57930DC3DB52 /* EndpointBridge.swift in Sources */,
				DE8098D54768316DFCDA0BC3 /* KeychainService.swift in Sources */,
				DB47FCCFDD0A705F0FBA98C9 /* PerAppCounterAggregator.swift in Sources */,
				F1E2D3C4B5A6978877665544 /* PerDestinationCounterAggregator.swift in Sources */,
				10972EE8489BBB0959E38D42 /* PerAppIdentityMap.swift in Sources */,
				AE002EF8D50B5715C57F9BDD /* PerAppSigningCatalog.swift in Sources */,
				D6097D76FE808A9A7C33AFCD /* PerAppTransferStats.swift in Sources */,
				33CC44DD55EE66FF77AA88BB /* ExtensionResourceStats.swift in Sources */,
				66FF77AA88BB99CC00DD11EE /* ExtensionResourceStore.swift in Sources */,
				AA62ADAA37627A2E2634060E /* PerAppTransferStore.swift in Sources */,
				AF68F76B1E84C2E0A8EF3BB1 /* RoutingAction.swift in Sources */,
				0B228C6ED6D1928E3D540EDC /* TCPFlowRelay.swift in Sources */,
				0560454BB3AB3D5EBCE6A9BD /* TransparentProxyProvider.swift in Sources */,
				AE83F95512B56CE6958D60DF /* UDPFlowRelay.swift in Sources */,
				8A75EC38FC5D685DDAA66E27 /* WireGuardProfile.swift in Sources */,
			);
			runOnlyForDeploymentPostprocessing = 0;
		};
/* End PBXSourcesBuildPhase section */

/* Begin PBXTargetDependency section */
		10158CEF05CF658D9017C4F6 /* PBXTargetDependency */ = {
			isa = PBXTargetDependency;
			target = 8D036A9487EEA447427A4EE2 /* TransparentProxyExtension */;
			targetProxy = 31063449DB351D7DE60C0922 /* PBXContainerItemProxy */;
		};
		39617DC3FDD6D3C53762CF0D /* PBXTargetDependency */ = {
			isa = PBXTargetDependency;
			target = A5DFE5D3B5175D2D358E833E /* PacketTunnelExtension */;
			targetProxy = D7D1A28F17A7CA09429A26B7 /* PBXContainerItemProxy */;
		};
/* End PBXTargetDependency section */

/* Begin XCBuildConfiguration section */
		2CF20BC65CA17B8AF99C1424 /* Debug */ = {
			isa = XCBuildConfiguration;
			buildSettings = {
				CODE_SIGN_ENTITLEMENTS = TransparentProxyExtension/TransparentProxyExtension.entitlements;
				COMBINE_HIDPI_IMAGES = YES;
				DEAD_CODE_STRIPPING = YES;
				INFOPLIST_FILE = TransparentProxyExtension/Info.plist;
				LD_RUNPATH_SEARCH_PATHS = (
					"$(inherited)",
					"@executable_path/../Frameworks",
					"@executable_path/../../../../Frameworks",
				);
				PRODUCT_BUNDLE_IDENTIFIER = com.tunnelbahn.mac.transparentproxy;
				REGISTER_APP_GROUPS = YES;
				SDKROOT = macosx;
			};
			name = Debug;
		};
		53CBC9A618D2C189217DD08D /* Release */ = {
			isa = XCBuildConfiguration;
			buildSettings = {
				CODE_SIGN_ENTITLEMENTS = NetworkExtension/NetworkExtension.entitlements;
				COMBINE_HIDPI_IMAGES = YES;
				DEAD_CODE_STRIPPING = YES;
				ENABLE_USER_SCRIPT_SANDBOXING = NO;
				INFOPLIST_FILE = NetworkExtension/Info.plist;
				LD_RUNPATH_SEARCH_PATHS = (
					"$(inherited)",
					"@executable_path/../Frameworks",
					"@executable_path/../../../../Frameworks",
				);
				LIBRARY_SEARCH_PATHS = (
					"$(inherited)",
					"$(SRCROOT)/Frameworks",
				);
				OTHER_LDFLAGS = (
					"$(inherited)",
					"-lboringtun_bridge",
				);
				PRODUCT_BUNDLE_IDENTIFIER = com.tunnelbahn.mac.networkextension;
				REGISTER_APP_GROUPS = YES;
				SDKROOT = macosx;
				SWIFT_OBJC_BRIDGING_HEADER = "NetworkExtension/PacketTunnelExtension-Bridging-Header.h";
			};
			name = Release;
		};
		8A15FE477504D2BFC598FEFC /* Release */ = {
			isa = XCBuildConfiguration;
			buildSettings = {
				ASSETCATALOG_COMPILER_APPICON_NAME = AppIcon;
				CODE_SIGN_ENTITLEMENTS = TunnelBahn/TunnelBahn.entitlements;
				COMBINE_HIDPI_IMAGES = YES;
				DEAD_CODE_STRIPPING = YES;
				INFOPLIST_FILE = TunnelBahn/Info.plist;
				LD_RUNPATH_SEARCH_PATHS = (
					"$(inherited)",
					"@executable_path/../Frameworks",
				);
				REGISTER_APP_GROUPS = YES;
				SDKROOT = macosx;
			};
			name = Release;
		};
		936F81A9678CE8C95406665D /* Debug */ = {
			isa = XCBuildConfiguration;
			buildSettings = {
				ASSETCATALOG_COMPILER_APPICON_NAME = AppIcon;
				CODE_SIGN_ENTITLEMENTS = TunnelBahn/TunnelBahn.entitlements;
				COMBINE_HIDPI_IMAGES = YES;
				DEAD_CODE_STRIPPING = YES;
				INFOPLIST_FILE = TunnelBahn/Info.plist;
				LD_RUNPATH_SEARCH_PATHS = (
					"$(inherited)",
					"@executable_path/../Frameworks",
				);
				REGISTER_APP_GROUPS = YES;
				SDKROOT = macosx;
			};
			name = Debug;
		};
		AAA81092393CF33C04D97B44 /* Release */ = {
			isa = XCBuildConfiguration;
			buildSettings = {
				ALWAYS_SEARCH_USER_PATHS = NO;
				CLANG_ANALYZER_NONNULL = YES;
				CLANG_ANALYZER_NUMBER_OBJECT_CONVERSION = YES_AGGRESSIVE;
				CLANG_CXX_LANGUAGE_STANDARD = "gnu++14";
				CLANG_CXX_LIBRARY = "libc++";
				CLANG_ENABLE_MODULES = YES;
				CLANG_ENABLE_OBJC_ARC = YES;
				CLANG_ENABLE_OBJC_WEAK = YES;
				CLANG_WARN_BLOCK_CAPTURE_AUTORELEASING = YES;
				CLANG_WARN_BOOL_CONVERSION = YES;
				CLANG_WARN_COMMA = YES;
				CLANG_WARN_CONSTANT_CONVERSION = YES;
				CLANG_WARN_DEPRECATED_OBJC_IMPLEMENTATIONS = YES;
				CLANG_WARN_DIRECT_OBJC_ISA_USAGE = YES_ERROR;
				CLANG_WARN_DOCUMENTATION_COMMENTS = YES;
				CLANG_WARN_EMPTY_BODY = YES;
				CLANG_WARN_ENUM_CONVERSION = YES;
				CLANG_WARN_INFINITE_RECURSION = YES;
				CLANG_WARN_INT_CONVERSION = YES;
				CLANG_WARN_NON_LITERAL_NULL_CONVERSION = YES;
				CLANG_WARN_OBJC_IMPLICIT_RETAIN_SELF = YES;
				CLANG_WARN_OBJC_LITERAL_CONVERSION = YES;
				CLANG_WARN_OBJC_ROOT_CLASS = YES_ERROR;
				CLANG_WARN_QUOTED_INCLUDE_IN_FRAMEWORK_HEADER = YES;
				CLANG_WARN_RANGE_LOOP_ANALYSIS = YES;
				CLANG_WARN_STRICT_PROTOTYPES = YES;
				CLANG_WARN_SUSPICIOUS_MOVE = YES;
				CLANG_WARN_UNGUARDED_AVAILABILITY = YES_AGGRESSIVE;
				CLANG_WARN_UNREACHABLE_CODE = YES;
				CLANG_WARN__DUPLICATE_METHOD_MATCH = YES;
				CODE_SIGN_STYLE = Automatic;
				COPY_PHASE_STRIP = NO;
				DEAD_CODE_STRIPPING = YES;
				DEBUG_INFORMATION_FORMAT = "dwarf-with-dsym";
				DEVELOPMENT_TEAM = 92G3VZAPVG;
				ENABLE_NS_ASSERTIONS = NO;
				ENABLE_STRICT_OBJC_MSGSEND = YES;
				GCC_C_LANGUAGE_STANDARD = gnu11;
				GCC_NO_COMMON_BLOCKS = YES;
				GCC_WARN_64_TO_32_BIT_CONVERSION = YES;
				GCC_WARN_ABOUT_RETURN_TYPE = YES_ERROR;
				GCC_WARN_UNDECLARED_SELECTOR = YES;
				GCC_WARN_UNINITIALIZED_AUTOS = YES_AGGRESSIVE;
				GCC_WARN_UNUSED_FUNCTION = YES;
				GCC_WARN_UNUSED_VARIABLE = YES;
				MACOSX_DEPLOYMENT_TARGET = 14.0;
				MTL_ENABLE_DEBUG_INFO = NO;
				MTL_FAST_MATH = YES;
				PRODUCT_BUNDLE_IDENTIFIER = com.tunnelbahn.mac;
				PRODUCT_NAME = "$(TARGET_NAME)";
				SDKROOT = macosx;
				STRING_CATALOG_GENERATE_SYMBOLS = YES;
				SWIFT_COMPILATION_MODE = wholemodule;
				SWIFT_OPTIMIZATION_LEVEL = "-O";
				SWIFT_VERSION = 5.1;
			};
			name = Release;
		};
		CB4A5C35E3309026CA37FAE0 /* Release */ = {
			isa = XCBuildConfiguration;
			buildSettings = {
				CODE_SIGN_ENTITLEMENTS = TransparentProxyExtension/TransparentProxyExtension.entitlements;
				COMBINE_HIDPI_IMAGES = YES;
				DEAD_CODE_STRIPPING = YES;
				INFOPLIST_FILE = TransparentProxyExtension/Info.plist;
				LD_RUNPATH_SEARCH_PATHS = (
					"$(inherited)",
					"@executable_path/../Frameworks",
					"@executable_path/../../../../Frameworks",
				);
				PRODUCT_BUNDLE_IDENTIFIER = com.tunnelbahn.mac.transparentproxy;
				REGISTER_APP_GROUPS = YES;
				SDKROOT = macosx;
			};
			name = Release;
		};
		FBEE9D3351EA2C681861BB5B /* Debug */ = {
			isa = XCBuildConfiguration;
			buildSettings = {
				ALWAYS_SEARCH_USER_PATHS = NO;
				CLANG_ANALYZER_NONNULL = YES;
				CLANG_ANALYZER_NUMBER_OBJECT_CONVERSION = YES_AGGRESSIVE;
				CLANG_CXX_LANGUAGE_STANDARD = "gnu++14";
				CLANG_CXX_LIBRARY = "libc++";
				CLANG_ENABLE_MODULES = YES;
				CLANG_ENABLE_OBJC_ARC = YES;
				CLANG_ENABLE_OBJC_WEAK = YES;
				CLANG_WARN_BLOCK_CAPTURE_AUTORELEASING = YES;
				CLANG_WARN_BOOL_CONVERSION = YES;
				CLANG_WARN_COMMA = YES;
				CLANG_WARN_CONSTANT_CONVERSION = YES;
				CLANG_WARN_DEPRECATED_OBJC_IMPLEMENTATIONS = YES;
				CLANG_WARN_DIRECT_OBJC_ISA_USAGE = YES_ERROR;
				CLANG_WARN_DOCUMENTATION_COMMENTS = YES;
				CLANG_WARN_EMPTY_BODY = YES;
				CLANG_WARN_ENUM_CONVERSION = YES;
				CLANG_WARN_INFINITE_RECURSION = YES;
				CLANG_WARN_INT_CONVERSION = YES;
				CLANG_WARN_NON_LITERAL_NULL_CONVERSION = YES;
				CLANG_WARN_OBJC_IMPLICIT_RETAIN_SELF = YES;
				CLANG_WARN_OBJC_LITERAL_CONVERSION = YES;
				CLANG_WARN_OBJC_ROOT_CLASS = YES_ERROR;
				CLANG_WARN_QUOTED_INCLUDE_IN_FRAMEWORK_HEADER = YES;
				CLANG_WARN_RANGE_LOOP_ANALYSIS = YES;
				CLANG_WARN_STRICT_PROTOTYPES = YES;
				CLANG_WARN_SUSPICIOUS_MOVE = YES;
				CLANG_WARN_UNGUARDED_AVAILABILITY = YES_AGGRESSIVE;
				CLANG_WARN_UNREACHABLE_CODE = YES;
				CLANG_WARN__DUPLICATE_METHOD_MATCH = YES;
				CODE_SIGN_STYLE = Automatic;
				COPY_PHASE_STRIP = NO;
				DEAD_CODE_STRIPPING = YES;
				DEBUG_INFORMATION_FORMAT = dwarf;
				DEVELOPMENT_TEAM = 92G3VZAPVG;
				ENABLE_STRICT_OBJC_MSGSEND = YES;
				ENABLE_TESTABILITY = YES;
				GCC_C_LANGUAGE_STANDARD = gnu11;
				GCC_DYNAMIC_NO_PIC = NO;
				GCC_NO_COMMON_BLOCKS = YES;
				GCC_OPTIMIZATION_LEVEL = 0;
				GCC_PREPROCESSOR_DEFINITIONS = (
					"$(inherited)",
					"DEBUG=1",
				);
				GCC_WARN_64_TO_32_BIT_CONVERSION = YES;
				GCC_WARN_ABOUT_RETURN_TYPE = YES_ERROR;
				GCC_WARN_UNDECLARED_SELECTOR = YES;
				GCC_WARN_UNINITIALIZED_AUTOS = YES_AGGRESSIVE;
				GCC_WARN_UNUSED_FUNCTION = YES;
				GCC_WARN_UNUSED_VARIABLE = YES;
				MACOSX_DEPLOYMENT_TARGET = 14.0;
				MTL_ENABLE_DEBUG_INFO = INCLUDE_SOURCE;
				MTL_FAST_MATH = YES;
				ONLY_ACTIVE_ARCH = YES;
				PRODUCT_BUNDLE_IDENTIFIER = com.tunnelbahn.mac;
				PRODUCT_NAME = "$(TARGET_NAME)";
				SDKROOT = macosx;
				STRING_CATALOG_GENERATE_SYMBOLS = YES;
				SWIFT_ACTIVE_COMPILATION_CONDITIONS = DEBUG;
				SWIFT_OPTIMIZATION_LEVEL = "-Onone";
				SWIFT_VERSION = 5.1;
			};
			name = Debug;
		};
		FEB19460E8EE29DA18DFDD55 /* Debug */ = {
			isa = XCBuildConfiguration;
			buildSettings = {
				CODE_SIGN_ENTITLEMENTS = NetworkExtension/NetworkExtension.entitlements;
				COMBINE_HIDPI_IMAGES = YES;
				DEAD_CODE_STRIPPING = YES;
				ENABLE_USER_SCRIPT_SANDBOXING = NO;
				INFOPLIST_FILE = NetworkExtension/Info.plist;
				LD_RUNPATH_SEARCH_PATHS = (
					"$(inherited)",
					"@executable_path/../Frameworks",
					"@executable_path/../../../../Frameworks",
				);
				LIBRARY_SEARCH_PATHS = (
					"$(inherited)",
					"$(SRCROOT)/Frameworks",
				);
				OTHER_LDFLAGS = (
					"$(inherited)",
					"-lboringtun_bridge",
				);
				PRODUCT_BUNDLE_IDENTIFIER = com.tunnelbahn.mac.networkextension;
				REGISTER_APP_GROUPS = YES;
				SDKROOT = macosx;
				SWIFT_OBJC_BRIDGING_HEADER = "NetworkExtension/PacketTunnelExtension-Bridging-Header.h";
			};
			name = Debug;
		};
/* End XCBuildConfiguration section */

/* Begin XCConfigurationList section */
		202BC92401F6C75A3A37DD39 /* Build configuration list for PBXNativeTarget "TunnelBahn" */ = {
			isa = XCConfigurationList;
			buildConfigurations = (
				936F81A9678CE8C95406665D /* Debug */,
				8A15FE477504D2BFC598FEFC /* Release */,
			);
			defaultConfigurationIsVisible = 0;
			defaultConfigurationName = Debug;
		};
		36DF0E591F470E22F3CD7750 /* Build configuration list for PBXProject "TunnelBahn" */ = {
			isa = XCConfigurationList;
			buildConfigurations = (
				FBEE9D3351EA2C681861BB5B /* Debug */,
				AAA81092393CF33C04D97B44 /* Release */,
			);
			defaultConfigurationIsVisible = 0;
			defaultConfigurationName = Debug;
		};
		4C1DFE783535A9385A1B8B85 /* Build configuration list for PBXNativeTarget "TransparentProxyExtension" */ = {
			isa = XCConfigurationList;
			buildConfigurations = (
				2CF20BC65CA17B8AF99C1424 /* Debug */,
				CB4A5C35E3309026CA37FAE0 /* Release */,
			);
			defaultConfigurationIsVisible = 0;
			defaultConfigurationName = Debug;
		};
		4F49E87E472B0209FB3333C0 /* Build configuration list for PBXNativeTarget "PacketTunnelExtension" */ = {
			isa = XCConfigurationList;
			buildConfigurations = (
				FEB19460E8EE29DA18DFDD55 /* Debug */,
				53CBC9A618D2C189217DD08D /* Release */,
			);
			defaultConfigurationIsVisible = 0;
			defaultConfigurationName = Debug;
		};
/* End XCConfigurationList section */
	};
	rootObject = 008ACF82343476CEB3BA09B5 /* Project object */;
}
