// !$*UTF8*$!
{
	archiveVersion = 1;
	classes = {
	};
	objectVersion = 77;
	objects = {

/* Begin PBXBuildFile section */
		00A98D3504961A433F55678E /* TCPFlowRelay.swift in Sources */ = {isa = PBXBuildFile; fileRef = 19424EFD134B3E8D7C730960 /* TCPFlowRelay.swift */; };
		02384C0C4626B43843EAE1C5 /* ProfileStore.swift in Sources */ = {isa = PBXBuildFile; fileRef = D0E13BED142C7C958082FE7A /* ProfileStore.swift */; };
		0572F82FD03AEC6C978247FB /* KeychainService.swift in Sources */ = {isa = PBXBuildFile; fileRef = 29BBB6FB1DE79D5D277578D0 /* KeychainService.swift */; };
		081F8E884ED917F5F619CF19 /* PerAppSigningCatalog.swift in Sources */ = {isa = PBXBuildFile; fileRef = 0F39A9740CD42831BAA2EA77 /* PerAppSigningCatalog.swift */; };
		0876D281B1CF7A65D3047FE6 /* WireGuardKit in Frameworks */ = {isa = PBXBuildFile; productRef = CA90A6E78F78DA51B2A408EA /* WireGuardKit */; };
		09868AC571CDA364502F9442 /* PerAppTransferStats.swift in Sources */ = {isa = PBXBuildFile; fileRef = B97223D49D1C778BCA14FDC1 /* PerAppTransferStats.swift */; };
		19A74CBDB9D312A79265B9E8 /* AppRule.swift in Sources */ = {isa = PBXBuildFile; fileRef = 0307887AC662F61A0E7D5495 /* AppRule.swift */; };
		1CCA01FD1B406A987CE0DAB4 /* ProfilesView.swift in Sources */ = {isa = PBXBuildFile; fileRef = 771C5A995F027B2FD2B6F29E /* ProfilesView.swift */; };
		1D49EBA1FCDB67193F34C603 /* WireGuardConfigRenderer.swift in Sources */ = {isa = PBXBuildFile; fileRef = 84FA11C3C8D7699EE348E3CE /* WireGuardConfigRenderer.swift */; };
		1E222B2C3C8B1FF71E59B806 /* StatusView.swift in Sources */ = {isa = PBXBuildFile; fileRef = 8834F14BBB83856552EB9F19 /* StatusView.swift */; };
		23F5CBE589CB1ED9809AE62C /* AppRule.swift in Sources */ = {isa = PBXBuildFile; fileRef = 0307887AC662F61A0E7D5495 /* AppRule.swift */; };
		28FA002A65F03CD1D1672430 /* PacketTunnelExtension.appex in Embed Foundation Extensions */ = {isa = PBXBuildFile; fileRef = B62763A6D81FA29C19DBBE1C /* PacketTunnelExtension.appex */; settings = {ATTRIBUTES = (CodeSignOnCopy, RemoveHeadersOnCopy, ); }; };
		2AD9E1A01CDC2FD91CE0CBEE /* ContentView.swift in Sources */ = {isa = PBXBuildFile; fileRef = C2858EC7C64A6C66C774DDE8 /* ContentView.swift */; };
		36B46114D35E553489376C37 /* AppGroup.swift in Sources */ = {isa = PBXBuildFile; fileRef = C2DACB3A9C16E15BB7500061 /* AppGroup.swift */; };
		37F0860E02FC3E1D77B2F9FE /* TunnelConnectivityProbe.swift in Sources */ = {isa = PBXBuildFile; fileRef = C84B2D3408122616C926E9C7 /* TunnelConnectivityProbe.swift */; };
		3E424A2E1925015AD4252959 /* AppRuleStore.swift in Sources */ = {isa = PBXBuildFile; fileRef = F621B9A7D6C10BA17F2AC812 /* AppRuleStore.swift */; };
		3FA5F2341DEF897F9974E06B /* ConnectionStats.swift in Sources */ = {isa = PBXBuildFile; fileRef = 0B42ADEAB317B178FFFB604F /* ConnectionStats.swift */; };
		3FBE7A70EE095703E24330F2 /* ConnectionStats.swift in Sources */ = {isa = PBXBuildFile; fileRef = 0B42ADEAB317B178FFFB604F /* ConnectionStats.swift */; };
		44189FF5E162872035A95505 /* AppsView.swift in Sources */ = {isa = PBXBuildFile; fileRef = A36B11B30D1E2BDE6ABAA3A7 /* AppsView.swift */; };
		460D12BC04A96A073C618F47 /* PerAppTransferStore.swift in Sources */ = {isa = PBXBuildFile; fileRef = 691F817B073C509D0C5EDB0F /* PerAppTransferStore.swift */; };
		4ED5AC6F4DF42C82144CC6E1 /* PerAppCounterAggregator.swift in Sources */ = {isa = PBXBuildFile; fileRef = 82FDD22A3E12247045AF8FCF /* PerAppCounterAggregator.swift */; };
		51DA39AEC77CA06904BDBA7C /* PerAppTransferStats.swift in Sources */ = {isa = PBXBuildFile; fileRef = B97223D49D1C778BCA14FDC1 /* PerAppTransferStats.swift */; };
		526B7FD38E5320D7DD4F8BBA /* AppState.swift in Sources */ = {isa = PBXBuildFile; fileRef = 4E4D51C112A7110FBF6905A8 /* AppState.swift */; };
		53D33F682D47A1D79473BE23 /* RoutingAction.swift in Sources */ = {isa = PBXBuildFile; fileRef = F0C5CC58E62013B2424322F3 /* RoutingAction.swift */; };
		580B6C201FD89E90199D49ED /* WireGuardConfigParser.swift in Sources */ = {isa = PBXBuildFile; fileRef = 6DF749E86C3CB252B81D9916 /* WireGuardConfigParser.swift */; };
		582044C856425E57E2DAD6E4 /* TunnelBahnApp.swift in Sources */ = {isa = PBXBuildFile; fileRef = 4F802528B6179480720EDB06 /* TunnelBahnApp.swift */; };
		59C26223DE6E370A904679CD /* TransparentProxyProvider.swift in Sources */ = {isa = PBXBuildFile; fileRef = 3C5611881F331AC48F7C418B /* TransparentProxyProvider.swift */; };
		5A81708EABA1A31428D90548 /* VPNManager.swift in Sources */ = {isa = PBXBuildFile; fileRef = B27174A91423FF453B49B92C /* VPNManager.swift */; };
		5AEBF52570FA22B757A0A72D /* Constants.swift in Sources */ = {isa = PBXBuildFile; fileRef = 2C55189CB4CF3AD911237DD1 /* Constants.swift */; };
		5C6D59DBF6D62AF3B3187D5D /* PerAppIdentityMap.swift in Sources */ = {isa = PBXBuildFile; fileRef = E42C256EB2DF3B0AFFEE9C17 /* PerAppIdentityMap.swift */; };
		69B0DB6373845865424849E4 /* WireGuardProfile.swift in Sources */ = {isa = PBXBuildFile; fileRef = 9FE97AE48895E35DD770F1A5 /* WireGuardProfile.swift */; };
		6DCAD73DA67CFB055E46E830 /* WireGuardProfile.swift in Sources */ = {isa = PBXBuildFile; fileRef = 9FE97AE48895E35DD770F1A5 /* WireGuardProfile.swift */; };
		6EFC86A30519B42A1AABA568 /* Preview Assets.xcassets in Resources */ = {isa = PBXBuildFile; fileRef = E90DB917953D5BDAC7827080 /* Preview Assets.xcassets */; };
		7BBBEEA431D471C9A6D316C4 /* DiagnosticsView.swift in Sources */ = {isa = PBXBuildFile; fileRef = E548EA732C7CF2E66AB90BA8 /* DiagnosticsView.swift */; };
		7C42BC6CC000D95F019E4F3D /* AppGroup.swift in Sources */ = {isa = PBXBuildFile; fileRef = C2DACB3A9C16E15BB7500061 /* AppGroup.swift */; };
		7D0FDA83BD8E62F3C5B169E4 /* LaunchAtLoginService.swift in Sources */ = {isa = PBXBuildFile; fileRef = E4772803D091B5E5FC467C1B /* LaunchAtLoginService.swift */; };
		7E0E3CE4B1F9D2ACC63C38CC /* BoringTunAdapter.swift in Sources */ = {isa = PBXBuildFile; fileRef = 4081FA34EB57CCC058FFE142 /* BoringTunAdapter.swift */; };
		879B57A706C914289B08512B /* Assets.xcassets in Resources */ = {isa = PBXBuildFile; fileRef = 6CA89E48244D030E39A43B9B /* Assets.xcassets */; };
		88744F088BC147E85AFFEF47 /* PerAppTransferStore.swift in Sources */ = {isa = PBXBuildFile; fileRef = 691F817B073C509D0C5EDB0F /* PerAppTransferStore.swift */; };
		8A2871BE91FBAA676C3D42A1 /* AppRule.swift in Sources */ = {isa = PBXBuildFile; fileRef = 0307887AC662F61A0E7D5495 /* AppRule.swift */; };
		8F1CF131253FEE5BDD095E70 /* Constants.swift in Sources */ = {isa = PBXBuildFile; fileRef = 2C55189CB4CF3AD911237DD1 /* Constants.swift */; };
		958F1EDDF162B56305B868AF /* PacketTunnelProvider.swift in Sources */ = {isa = PBXBuildFile; fileRef = 2672F8C2098706165873CFAA /* PacketTunnelProvider.swift */; };
		9677B04951228D2365361E5D /* SettingsView.swift in Sources */ = {isa = PBXBuildFile; fileRef = AC20E31349CED3C925DF2AD4 /* SettingsView.swift */; };
		9B10F25EF333708BEE8314A0 /* PerAppSigningCatalog.swift in Sources */ = {isa = PBXBuildFile; fileRef = 0F39A9740CD42831BAA2EA77 /* PerAppSigningCatalog.swift */; };
		9FF17EAF8B29F1CBA1D2A6AA /* KeychainService.swift in Sources */ = {isa = PBXBuildFile; fileRef = 29BBB6FB1DE79D5D277578D0 /* KeychainService.swift */; };
		A2939B0EB59CDA56118F4F49 /* PerAppTransferStats.swift in Sources */ = {isa = PBXBuildFile; fileRef = B97223D49D1C778BCA14FDC1 /* PerAppTransferStats.swift */; };
		AF530B8789D1EC5C0A7F9265 /* UDPFlowRelay.swift in Sources */ = {isa = PBXBuildFile; fileRef = 005EB0F03675D0DFAC536D9F /* UDPFlowRelay.swift */; };
		B5C5DDD0E710948CAF90BB31 /* PerAppIdentityMap.swift in Sources */ = {isa = PBXBuildFile; fileRef = E42C256EB2DF3B0AFFEE9C17 /* PerAppIdentityMap.swift */; };
		B5ED0B698FB18DC4B5CB6685 /* RoutingAction.swift in Sources */ = {isa = PBXBuildFile; fileRef = F0C5CC58E62013B2424322F3 /* RoutingAction.swift */; };
		B8289190DCE40590B18D787C /* PerAppStatsProxyManager.swift in Sources */ = {isa = PBXBuildFile; fileRef = 435BE0B324F64E55C9798DA7 /* PerAppStatsProxyManager.swift */; };
		BE9FA0EB25D6B2979C0288EC /* AppGroup.swift in Sources */ = {isa = PBXBuildFile; fileRef = C2DACB3A9C16E15BB7500061 /* AppGroup.swift */; };
		C02F134253241C58CCB1FF02 /* WireGuardProfile.swift in Sources */ = {isa = PBXBuildFile; fileRef = 9FE97AE48895E35DD770F1A5 /* WireGuardProfile.swift */; };
		C05375D569E517984FA18705 /* MenuBarController.swift in Sources */ = {isa = PBXBuildFile; fileRef = 0A9C3B3D4D457F06BB162A1C /* MenuBarController.swift */; };
		C2440CFCAA4E2AFE17AD5959 /* EndpointBridge.swift in Sources */ = {isa = PBXBuildFile; fileRef = F6A7CF314443074DC1A07B5F /* EndpointBridge.swift */; };
		C84209792C27D7B09197FFCA /* PerAppTransferStore.swift in Sources */ = {isa = PBXBuildFile; fileRef = 691F817B073C509D0C5EDB0F /* PerAppTransferStore.swift */; };
		D0A6E4ACD7440FB451923EE9 /* RoutingAction.swift in Sources */ = {isa = PBXBuildFile; fileRef = F0C5CC58E62013B2424322F3 /* RoutingAction.swift */; };
		DB09AFFC8E9DDF4AEDD688EB /* AppDiscoveryService.swift in Sources */ = {isa = PBXBuildFile; fileRef = 3FC574B6AA4342D22B1AB269 /* AppDiscoveryService.swift */; };
		DB4E2BF80769472B022603F7 /* ProfileEditorSheet.swift in Sources */ = {isa = PBXBuildFile; fileRef = 0F5F94DF85FE0A34D038C334 /* ProfileEditorSheet.swift */; };
		DDE633201B513F814CEEB514 /* TransparentProxyExtension.appex in Embed Foundation Extensions */ = {isa = PBXBuildFile; fileRef = 3865B59E976220C9CA9EA9F3 /* TransparentProxyExtension.appex */; settings = {ATTRIBUTES = (CodeSignOnCopy, RemoveHeadersOnCopy, ); }; };
		DEDA146ED33CC2F19B7C4C69 /* Constants.swift in Sources */ = {isa = PBXBuildFile; fileRef = 2C55189CB4CF3AD911237DD1 /* Constants.swift */; };
		E522A569179DFC67A8838CB5 /* AppSettings.swift in Sources */ = {isa = PBXBuildFile; fileRef = 7BF97FBC9337A331BE4AE71A /* AppSettings.swift */; };
		E5527110B34F14B56FFDD8D1 /* KeychainService.swift in Sources */ = {isa = PBXBuildFile; fileRef = 29BBB6FB1DE79D5D277578D0 /* KeychainService.swift */; };
		EF2C9DE6213E5CA5399E4366 /* PerAppSigningCatalog.swift in Sources */ = {isa = PBXBuildFile; fileRef = 0F39A9740CD42831BAA2EA77 /* PerAppSigningCatalog.swift */; };
		F053595C6A2F90851B3B8358 /* ProfileDetailView.swift in Sources */ = {isa = PBXBuildFile; fileRef = F589D892D959CE3C872AF5AD /* ProfileDetailView.swift */; };
		F300F58663C71EE0C11E2217 /* ConnectionStats.swift in Sources */ = {isa = PBXBuildFile; fileRef = 0B42ADEAB317B178FFFB604F /* ConnectionStats.swift */; };
		F419C30226BEBF0B230AC518 /* NEAppRuleBuilder.swift in Sources */ = {isa = PBXBuildFile; fileRef = D15D4AC66D9D7BDC64BFB2AC /* NEAppRuleBuilder.swift */; };
		F9BD9729472D6CD0541C8CFA /* PerAppIdentityMap.swift in Sources */ = {isa = PBXBuildFile; fileRef = E42C256EB2DF3B0AFFEE9C17 /* PerAppIdentityMap.swift */; };
/* End PBXBuildFile section */

/* Begin PBXContainerItemProxy section */
		75047DF0C95807D3F6383671 /* PBXContainerItemProxy */ = {
			isa = PBXContainerItemProxy;
			containerPortal = D3512C9F48DBF6CB0ADACD10 /* Project object */;
			proxyType = 1;
			remoteGlobalIDString = B46E0883A2A00FAA50D148F0;
			remoteInfo = TransparentProxyExtension;
		};
		772112099EA580A639E837D8 /* PBXContainerItemProxy */ = {
			isa = PBXContainerItemProxy;
			containerPortal = D3512C9F48DBF6CB0ADACD10 /* Project object */;
			proxyType = 1;
			remoteGlobalIDString = DC8DE4556E366FEF06B5073D;
			remoteInfo = PacketTunnelExtension;
		};
/* End PBXContainerItemProxy section */

/* Begin PBXCopyFilesBuildPhase section */
		3B09D08E786992071A98E3EE /* Embed Foundation Extensions */ = {
			isa = PBXCopyFilesBuildPhase;
			buildActionMask = 2147483647;
			dstPath = "";
			dstSubfolderSpec = 13;
			files = (
				28FA002A65F03CD1D1672430 /* PacketTunnelExtension.appex in Embed Foundation Extensions */,
				DDE633201B513F814CEEB514 /* TransparentProxyExtension.appex in Embed Foundation Extensions */,
			);
			name = "Embed Foundation Extensions";
			runOnlyForDeploymentPostprocessing = 0;
		};
/* End PBXCopyFilesBuildPhase section */

/* Begin PBXFileReference section */
		005EB0F03675D0DFAC536D9F /* UDPFlowRelay.swift */ = {isa = PBXFileReference; lastKnownFileType = sourcecode.swift; path = UDPFlowRelay.swift; sourceTree = "<group>"; };
		0307887AC662F61A0E7D5495 /* AppRule.swift */ = {isa = PBXFileReference; lastKnownFileType = sourcecode.swift; path = AppRule.swift; sourceTree = "<group>"; };
		0A9C3B3D4D457F06BB162A1C /* MenuBarController.swift */ = {isa = PBXFileReference; lastKnownFileType = sourcecode.swift; path = MenuBarController.swift; sourceTree = "<group>"; };
		0B42ADEAB317B178FFFB604F /* ConnectionStats.swift */ = {isa = PBXFileReference; lastKnownFileType = sourcecode.swift; path = ConnectionStats.swift; sourceTree = "<group>"; };
		0F39A9740CD42831BAA2EA77 /* PerAppSigningCatalog.swift */ = {isa = PBXFileReference; lastKnownFileType = sourcecode.swift; path = PerAppSigningCatalog.swift; sourceTree = "<group>"; };
		0F5F94DF85FE0A34D038C334 /* ProfileEditorSheet.swift */ = {isa = PBXFileReference; lastKnownFileType = sourcecode.swift; path = ProfileEditorSheet.swift; sourceTree = "<group>"; };
		19424EFD134B3E8D7C730960 /* TCPFlowRelay.swift */ = {isa = PBXFileReference; lastKnownFileType = sourcecode.swift; path = TCPFlowRelay.swift; sourceTree = "<group>"; };
		1B7A3097F84FBD1626621A6C /* PacketTunnelExtension-Bridging-Header.h */ = {isa = PBXFileReference; lastKnownFileType = sourcecode.c.h; path = "PacketTunnelExtension-Bridging-Header.h"; sourceTree = "<group>"; };
		2672F8C2098706165873CFAA /* PacketTunnelProvider.swift */ = {isa = PBXFileReference; lastKnownFileType = sourcecode.swift; path = PacketTunnelProvider.swift; sourceTree = "<group>"; };
		29BBB6FB1DE79D5D277578D0 /* KeychainService.swift */ = {isa = PBXFileReference; lastKnownFileType = sourcecode.swift; path = KeychainService.swift; sourceTree = "<group>"; };
		2C55189CB4CF3AD911237DD1 /* Constants.swift */ = {isa = PBXFileReference; lastKnownFileType = sourcecode.swift; path = Constants.swift; sourceTree = "<group>"; };
		3865B59E976220C9CA9EA9F3 /* TransparentProxyExtension.appex */ = {isa = PBXFileReference; explicitFileType = "wrapper.app-extension"; includeInIndex = 0; path = TransparentProxyExtension.appex; sourceTree = BUILT_PRODUCTS_DIR; };
		39CBA57D3228A77446009F2B /* Info.plist */ = {isa = PBXFileReference; lastKnownFileType = text.plist; path = Info.plist; sourceTree = "<group>"; };
		3C5611881F331AC48F7C418B /* TransparentProxyProvider.swift */ = {isa = PBXFileReference; lastKnownFileType = sourcecode.swift; path = TransparentProxyProvider.swift; sourceTree = "<group>"; };
		3FC574B6AA4342D22B1AB269 /* AppDiscoveryService.swift */ = {isa = PBXFileReference; lastKnownFileType = sourcecode.swift; path = AppDiscoveryService.swift; sourceTree = "<group>"; };
		4081FA34EB57CCC058FFE142 /* BoringTunAdapter.swift */ = {isa = PBXFileReference; lastKnownFileType = sourcecode.swift; path = BoringTunAdapter.swift; sourceTree = "<group>"; };
		435BE0B324F64E55C9798DA7 /* PerAppStatsProxyManager.swift */ = {isa = PBXFileReference; lastKnownFileType = sourcecode.swift; path = PerAppStatsProxyManager.swift; sourceTree = "<group>"; };
		48F94F2918932491EE9BB38A /* wireguard-apple */ = {isa = PBXFileReference; lastKnownFileType = folder; name = "wireguard-apple"; path = "Vendor/wireguard-apple"; sourceTree = SOURCE_ROOT; };
		4E4D51C112A7110FBF6905A8 /* AppState.swift */ = {isa = PBXFileReference; lastKnownFileType = sourcecode.swift; path = AppState.swift; sourceTree = "<group>"; };
		4F802528B6179480720EDB06 /* TunnelBahnApp.swift */ = {isa = PBXFileReference; lastKnownFileType = sourcecode.swift; path = TunnelBahnApp.swift; sourceTree = "<group>"; };
		54B97601C84C91BBE8A9BA2D /* Info.plist */ = {isa = PBXFileReference; lastKnownFileType = text.plist; path = Info.plist; sourceTree = "<group>"; };
		691F817B073C509D0C5EDB0F /* PerAppTransferStore.swift */ = {isa = PBXFileReference; lastKnownFileType = sourcecode.swift; path = PerAppTransferStore.swift; sourceTree = "<group>"; };
		6CA89E48244D030E39A43B9B /* Assets.xcassets */ = {isa = PBXFileReference; lastKnownFileType = folder.assetcatalog; path = Assets.xcassets; sourceTree = "<group>"; };
		6DF749E86C3CB252B81D9916 /* WireGuardConfigParser.swift */ = {isa = PBXFileReference; lastKnownFileType = sourcecode.swift; path = WireGuardConfigParser.swift; sourceTree = "<group>"; };
		771C5A995F027B2FD2B6F29E /* ProfilesView.swift */ = {isa = PBXFileReference; lastKnownFileType = sourcecode.swift; path = ProfilesView.swift; sourceTree = "<group>"; };
		7BF97FBC9337A331BE4AE71A /* AppSettings.swift */ = {isa = PBXFileReference; lastKnownFileType = sourcecode.swift; path = AppSettings.swift; sourceTree = "<group>"; };
		82FDD22A3E12247045AF8FCF /* PerAppCounterAggregator.swift */ = {isa = PBXFileReference; lastKnownFileType = sourcecode.swift; path = PerAppCounterAggregator.swift; sourceTree = "<group>"; };
		84FA11C3C8D7699EE348E3CE /* WireGuardConfigRenderer.swift */ = {isa = PBXFileReference; lastKnownFileType = sourcecode.swift; path = WireGuardConfigRenderer.swift; sourceTree = "<group>"; };
		8834F14BBB83856552EB9F19 /* StatusView.swift */ = {isa = PBXFileReference; lastKnownFileType = sourcecode.swift; path = StatusView.swift; sourceTree = "<group>"; };
		9D78AB207E15752C162A5C3F /* TunnelBahn.entitlements */ = {isa = PBXFileReference; lastKnownFileType = text.plist.entitlements; path = TunnelBahn.entitlements; sourceTree = "<group>"; };
		9FE97AE48895E35DD770F1A5 /* WireGuardProfile.swift */ = {isa = PBXFileReference; lastKnownFileType = sourcecode.swift; path = WireGuardProfile.swift; sourceTree = "<group>"; };
		A36B11B30D1E2BDE6ABAA3A7 /* AppsView.swift */ = {isa = PBXFileReference; lastKnownFileType = sourcecode.swift; path = AppsView.swift; sourceTree = "<group>"; };
		AC20E31349CED3C925DF2AD4 /* SettingsView.swift */ = {isa = PBXFileReference; lastKnownFileType = sourcecode.swift; path = SettingsView.swift; sourceTree = "<group>"; };
		B27174A91423FF453B49B92C /* VPNManager.swift */ = {isa = PBXFileReference; lastKnownFileType = sourcecode.swift; path = VPNManager.swift; sourceTree = "<group>"; };
		B62763A6D81FA29C19DBBE1C /* PacketTunnelExtension.appex */ = {isa = PBXFileReference; explicitFileType = "wrapper.app-extension"; includeInIndex = 0; path = PacketTunnelExtension.appex; sourceTree = BUILT_PRODUCTS_DIR; };
		B6BD81983FF199B672920195 /* NetworkExtension.entitlements */ = {isa = PBXFileReference; lastKnownFileType = text.plist.entitlements; path = NetworkExtension.entitlements; sourceTree = "<group>"; };
		B97223D49D1C778BCA14FDC1 /* PerAppTransferStats.swift */ = {isa = PBXFileReference; lastKnownFileType = sourcecode.swift; path = PerAppTransferStats.swift; sourceTree = "<group>"; };
		C2858EC7C64A6C66C774DDE8 /* ContentView.swift */ = {isa = PBXFileReference; lastKnownFileType = sourcecode.swift; path = ContentView.swift; sourceTree = "<group>"; };
		C2DACB3A9C16E15BB7500061 /* AppGroup.swift */ = {isa = PBXFileReference; lastKnownFileType = sourcecode.swift; path = AppGroup.swift; sourceTree = "<group>"; };
		C84B2D3408122616C926E9C7 /* TunnelConnectivityProbe.swift */ = {isa = PBXFileReference; lastKnownFileType = sourcecode.swift; path = TunnelConnectivityProbe.swift; sourceTree = "<group>"; };
		D0E13BED142C7C958082FE7A /* ProfileStore.swift */ = {isa = PBXFileReference; lastKnownFileType = sourcecode.swift; path = ProfileStore.swift; sourceTree = "<group>"; };
		D15D4AC66D9D7BDC64BFB2AC /* NEAppRuleBuilder.swift */ = {isa = PBXFileReference; lastKnownFileType = sourcecode.swift; path = NEAppRuleBuilder.swift; sourceTree = "<group>"; };
		D7A563CB45205794D452D9ED /* tunnelbahn_wg_ffi.h */ = {isa = PBXFileReference; lastKnownFileType = sourcecode.c.h; path = tunnelbahn_wg_ffi.h; sourceTree = "<group>"; };
		E42C256EB2DF3B0AFFEE9C17 /* PerAppIdentityMap.swift */ = {isa = PBXFileReference; lastKnownFileType = sourcecode.swift; path = PerAppIdentityMap.swift; sourceTree = "<group>"; };
		E440124CFBC201FD8F12770B /* TunnelBahn.app */ = {isa = PBXFileReference; explicitFileType = wrapper.application; includeInIndex = 0; path = TunnelBahn.app; sourceTree = BUILT_PRODUCTS_DIR; };
		E4772803D091B5E5FC467C1B /* LaunchAtLoginService.swift */ = {isa = PBXFileReference; lastKnownFileType = sourcecode.swift; path = LaunchAtLoginService.swift; sourceTree = "<group>"; };
		E50A995205AE3C86B3194B56 /* Info.plist */ = {isa = PBXFileReference; lastKnownFileType = text.plist; path = Info.plist; sourceTree = "<group>"; };
		E548EA732C7CF2E66AB90BA8 /* DiagnosticsView.swift */ = {isa = PBXFileReference; lastKnownFileType = sourcecode.swift; path = DiagnosticsView.swift; sourceTree = "<group>"; };
		E90DB917953D5BDAC7827080 /* Preview Assets.xcassets */ = {isa = PBXFileReference; lastKnownFileType = folder.assetcatalog; path = "Preview Assets.xcassets"; sourceTree = "<group>"; };
		F0C5CC58E62013B2424322F3 /* RoutingAction.swift */ = {isa = PBXFileReference; lastKnownFileType = sourcecode.swift; path = RoutingAction.swift; sourceTree = "<group>"; };
		F46BFB1DA14AB0BAF2DB2F26 /* TransparentProxyExtension.entitlements */ = {isa = PBXFileReference; lastKnownFileType = text.plist.entitlements; path = TransparentProxyExtension.entitlements; sourceTree = "<group>"; };
		F589D892D959CE3C872AF5AD /* ProfileDetailView.swift */ = {isa = PBXFileReference; lastKnownFileType = sourcecode.swift; path = ProfileDetailView.swift; sourceTree = "<group>"; };
		F621B9A7D6C10BA17F2AC812 /* AppRuleStore.swift */ = {isa = PBXFileReference; lastKnownFileType = sourcecode.swift; path = AppRuleStore.swift; sourceTree = "<group>"; };
		F6A7CF314443074DC1A07B5F /* EndpointBridge.swift */ = {isa = PBXFileReference; lastKnownFileType = sourcecode.swift; path = EndpointBridge.swift; sourceTree = "<group>"; };
/* End PBXFileReference section */

/* Begin PBXFrameworksBuildPhase section */
		487ED76B37B8F02C60AC19C2 /* Frameworks */ = {
			isa = PBXFrameworksBuildPhase;
			buildActionMask = 2147483647;
			files = (
				0876D281B1CF7A65D3047FE6 /* WireGuardKit in Frameworks */,
			);
			runOnlyForDeploymentPostprocessing = 0;
		};
/* End PBXFrameworksBuildPhase section */

/* Begin PBXGroup section */
		3286D9F328E6C40E1B61F2F6 /* TransparentProxyExtension */ = {
			isa = PBXGroup;
			children = (
				F6A7CF314443074DC1A07B5F /* EndpointBridge.swift */,
				54B97601C84C91BBE8A9BA2D /* Info.plist */,
				82FDD22A3E12247045AF8FCF /* PerAppCounterAggregator.swift */,
				19424EFD134B3E8D7C730960 /* TCPFlowRelay.swift */,
				F46BFB1DA14AB0BAF2DB2F26 /* TransparentProxyExtension.entitlements */,
				3C5611881F331AC48F7C418B /* TransparentProxyProvider.swift */,
				005EB0F03675D0DFAC536D9F /* UDPFlowRelay.swift */,
			);
			path = TransparentProxyExtension;
			sourceTree = "<group>";
		};
		53824128F07F637240AC4909 /* Shared */ = {
			isa = PBXGroup;
			children = (
				C2DACB3A9C16E15BB7500061 /* AppGroup.swift */,
				2C55189CB4CF3AD911237DD1 /* Constants.swift */,
				29BBB6FB1DE79D5D277578D0 /* KeychainService.swift */,
				E42C256EB2DF3B0AFFEE9C17 /* PerAppIdentityMap.swift */,
				0F39A9740CD42831BAA2EA77 /* PerAppSigningCatalog.swift */,
				B97223D49D1C778BCA14FDC1 /* PerAppTransferStats.swift */,
				691F817B073C509D0C5EDB0F /* PerAppTransferStore.swift */,
				F0C5CC58E62013B2424322F3 /* RoutingAction.swift */,
			);
			path = Shared;
			sourceTree = "<group>";
		};
		5961D011848018744F3F9C41 /* Packages */ = {
			isa = PBXGroup;
			children = (
				48F94F2918932491EE9BB38A /* wireguard-apple */,
			);
			name = Packages;
			sourceTree = "<group>";
		};
		5E9FCB4B3E4299F0B71DA850 /* Services */ = {
			isa = PBXGroup;
			children = (
				3FC574B6AA4342D22B1AB269 /* AppDiscoveryService.swift */,
				F621B9A7D6C10BA17F2AC812 /* AppRuleStore.swift */,
				7BF97FBC9337A331BE4AE71A /* AppSettings.swift */,
				E4772803D091B5E5FC467C1B /* LaunchAtLoginService.swift */,
				D15D4AC66D9D7BDC64BFB2AC /* NEAppRuleBuilder.swift */,
				435BE0B324F64E55C9798DA7 /* PerAppStatsProxyManager.swift */,
				D0E13BED142C7C958082FE7A /* ProfileStore.swift */,
				C84B2D3408122616C926E9C7 /* TunnelConnectivityProbe.swift */,
				B27174A91423FF453B49B92C /* VPNManager.swift */,
				6DF749E86C3CB252B81D9916 /* WireGuardConfigParser.swift */,
				84FA11C3C8D7699EE348E3CE /* WireGuardConfigRenderer.swift */,
			);
			path = Services;
			sourceTree = "<group>";
		};
		8DAB904D390D337900C6C516 = {
			isa = PBXGroup;
			children = (
				91ECE7D71EF0233E3CE77A97 /* TunnelBahn */,
				963B88A8DB5B626D50FED76A /* NetworkExtension */,
				5961D011848018744F3F9C41 /* Packages */,
				53824128F07F637240AC4909 /* Shared */,
				3286D9F328E6C40E1B61F2F6 /* TransparentProxyExtension */,
				B8BF30BF4B86502A364997FA /* Products */,
			);
			sourceTree = "<group>";
		};
		91ECE7D71EF0233E3CE77A97 /* TunnelBahn */ = {
			isa = PBXGroup;
			children = (
				9D78AB207E15752C162A5C3F /* TunnelBahn.entitlements */,
				4F802528B6179480720EDB06 /* TunnelBahnApp.swift */,
				4E4D51C112A7110FBF6905A8 /* AppState.swift */,
				E50A995205AE3C86B3194B56 /* Info.plist */,
				F794ED78E44FFB368654BA42 /* MenuBar */,
				B06DD92DD7BBC1C6ABF4C280 /* Models */,
				D54CCCB5584F057CA4663C75 /* Resources */,
				5E9FCB4B3E4299F0B71DA850 /* Services */,
				C995097497F799C748C46CC8 /* Views */,
			);
			path = TunnelBahn;
			sourceTree = "<group>";
		};
		963B88A8DB5B626D50FED76A /* NetworkExtension */ = {
			isa = PBXGroup;
			children = (
				D7A563CB45205794D452D9ED /* tunnelbahn_wg_ffi.h */,
				4081FA34EB57CCC058FFE142 /* BoringTunAdapter.swift */,
				39CBA57D3228A77446009F2B /* Info.plist */,
				B6BD81983FF199B672920195 /* NetworkExtension.entitlements */,
				1B7A3097F84FBD1626621A6C /* PacketTunnelExtension-Bridging-Header.h */,
				2672F8C2098706165873CFAA /* PacketTunnelProvider.swift */,
			);
			path = NetworkExtension;
			sourceTree = "<group>";
		};
		B06DD92DD7BBC1C6ABF4C280 /* Models */ = {
			isa = PBXGroup;
			children = (
				0307887AC662F61A0E7D5495 /* AppRule.swift */,
				0B42ADEAB317B178FFFB604F /* ConnectionStats.swift */,
				9FE97AE48895E35DD770F1A5 /* WireGuardProfile.swift */,
			);
			path = Models;
			sourceTree = "<group>";
		};
		B8BF30BF4B86502A364997FA /* Products */ = {
			isa = PBXGroup;
			children = (
				E440124CFBC201FD8F12770B /* TunnelBahn.app */,
				B62763A6D81FA29C19DBBE1C /* PacketTunnelExtension.appex */,
				3865B59E976220C9CA9EA9F3 /* TransparentProxyExtension.appex */,
			);
			name = Products;
			sourceTree = "<group>";
		};
		C995097497F799C748C46CC8 /* Views */ = {
			isa = PBXGroup;
			children = (
				A36B11B30D1E2BDE6ABAA3A7 /* AppsView.swift */,
				C2858EC7C64A6C66C774DDE8 /* ContentView.swift */,
				E548EA732C7CF2E66AB90BA8 /* DiagnosticsView.swift */,
				F589D892D959CE3C872AF5AD /* ProfileDetailView.swift */,
				0F5F94DF85FE0A34D038C334 /* ProfileEditorSheet.swift */,
				771C5A995F027B2FD2B6F29E /* ProfilesView.swift */,
				AC20E31349CED3C925DF2AD4 /* SettingsView.swift */,
				8834F14BBB83856552EB9F19 /* StatusView.swift */,
			);
			path = Views;
			sourceTree = "<group>";
		};
		D54CCCB5584F057CA4663C75 /* Resources */ = {
			isa = PBXGroup;
			children = (
				6CA89E48244D030E39A43B9B /* Assets.xcassets */,
				EB5B0864369D0EE5C0F50D8E /* Preview Content */,
			);
			path = Resources;
			sourceTree = "<group>";
		};
		EB5B0864369D0EE5C0F50D8E /* Preview Content */ = {
			isa = PBXGroup;
			children = (
				E90DB917953D5BDAC7827080 /* Preview Assets.xcassets */,
			);
			path = "Preview Content";
			sourceTree = "<group>";
		};
		F794ED78E44FFB368654BA42 /* MenuBar */ = {
			isa = PBXGroup;
			children = (
				0A9C3B3D4D457F06BB162A1C /* MenuBarController.swift */,
			);
			path = MenuBar;
			sourceTree = "<group>";
		};
/* End PBXGroup section */

/* Begin PBXNativeTarget section */
		B46E0883A2A00FAA50D148F0 /* TransparentProxyExtension */ = {
			isa = PBXNativeTarget;
			buildConfigurationList = 0A3B4390DCFA916A4CCEB794 /* Build configuration list for PBXNativeTarget "TransparentProxyExtension" */;
			buildPhases = (
				C5B7805BB5D5C03AA676B6CB /* Sources */,
			);
			buildRules = (
			);
			dependencies = (
			);
			name = TransparentProxyExtension;
			packageProductDependencies = (
			);
			productName = TransparentProxyExtension;
			productReference = 3865B59E976220C9CA9EA9F3 /* TransparentProxyExtension.appex */;
			productType = "com.apple.product-type.app-extension";
		};
		CFA3635ACC3080BD57C99AE9 /* TunnelBahn */ = {
			isa = PBXNativeTarget;
			buildConfigurationList = 51AA46A2A70A45813A6B7A3F /* Build configuration list for PBXNativeTarget "TunnelBahn" */;
			buildPhases = (
				40BF4E3C0AC3E9FC838347CC /* Sources */,
				97DAA3F822EBAB51987D73D6 /* Resources */,
				3B09D08E786992071A98E3EE /* Embed Foundation Extensions */,
			);
			buildRules = (
			);
			dependencies = (
				81F0A658724912F1101F6F52 /* PBXTargetDependency */,
				D0BF743F1CB276A6B63F09A9 /* PBXTargetDependency */,
			);
			name = TunnelBahn;
			packageProductDependencies = (
			);
			productName = TunnelBahn;
			productReference = E440124CFBC201FD8F12770B /* TunnelBahn.app */;
			productType = "com.apple.product-type.application";
		};
		DC8DE4556E366FEF06B5073D /* PacketTunnelExtension */ = {
			isa = PBXNativeTarget;
			buildConfigurationList = AF3F59C62F7ADAE58918728B /* Build configuration list for PBXNativeTarget "PacketTunnelExtension" */;
			buildPhases = (
				E55B34DFD616D469A469F411 /* Build BoringTunBridge (universal) */,
				FEA49AFBB2C6DB24D5DF1CB1 /* Sources */,
				487ED76B37B8F02C60AC19C2 /* Frameworks */,
			);
			buildRules = (
			);
			dependencies = (
			);
			name = PacketTunnelExtension;
			packageProductDependencies = (
				CA90A6E78F78DA51B2A408EA /* WireGuardKit */,
			);
			productName = PacketTunnelExtension;
			productReference = B62763A6D81FA29C19DBBE1C /* PacketTunnelExtension.appex */;
			productType = "com.apple.product-type.app-extension";
		};
/* End PBXNativeTarget section */

/* Begin PBXProject section */
		D3512C9F48DBF6CB0ADACD10 /* Project object */ = {
			isa = PBXProject;
			attributes = {
				BuildIndependentTargetsInParallel = YES;
				LastUpgradeCheck = 1430;
				TargetAttributes = {
					B46E0883A2A00FAA50D148F0 = {
						DevelopmentTeam = 92G3VZAPVG;
						ProvisioningStyle = Automatic;
					};
					CFA3635ACC3080BD57C99AE9 = {
						DevelopmentTeam = 92G3VZAPVG;
						ProvisioningStyle = Automatic;
					};
					DC8DE4556E366FEF06B5073D = {
						DevelopmentTeam = 92G3VZAPVG;
						ProvisioningStyle = Automatic;
					};
				};
			};
			buildConfigurationList = 34754A18CCDDEC2A4802F00E /* Build configuration list for PBXProject "TunnelBahn" */;
			developmentRegion = en;
			hasScannedForEncodings = 0;
			knownRegions = (
				Base,
				en,
			);
			mainGroup = 8DAB904D390D337900C6C516;
			minimizedProjectReferenceProxies = 1;
			packageReferences = (
				291BA71E8C62A4ABCD18403E /* XCLocalSwiftPackageReference "Vendor/wireguard-apple" */,
			);
			preferredProjectObjectVersion = 77;
			productRefGroup = B8BF30BF4B86502A364997FA /* Products */;
			projectDirPath = "";
			projectRoot = "";
			targets = (
				CFA3635ACC3080BD57C99AE9 /* TunnelBahn */,
				DC8DE4556E366FEF06B5073D /* PacketTunnelExtension */,
				B46E0883A2A00FAA50D148F0 /* TransparentProxyExtension */,
			);
		};
/* End PBXProject section */

/* Begin PBXResourcesBuildPhase section */
		97DAA3F822EBAB51987D73D6 /* Resources */ = {
			isa = PBXResourcesBuildPhase;
			buildActionMask = 2147483647;
			files = (
				879B57A706C914289B08512B /* Assets.xcassets in Resources */,
				6EFC86A30519B42A1AABA568 /* Preview Assets.xcassets in Resources */,
			);
			runOnlyForDeploymentPostprocessing = 0;
		};
/* End PBXResourcesBuildPhase section */

/* Begin PBXShellScriptBuildPhase section */
		E55B34DFD616D469A469F411 /* Build BoringTunBridge (universal) */ = {
			isa = PBXShellScriptBuildPhase;
			alwaysOutOfDate = 1;
			buildActionMask = 2147483647;
			files = (
			);
			inputFileListPaths = (
			);
			inputPaths = (
			);
			name = "Build BoringTunBridge (universal)";
			outputFileListPaths = (
			);
			outputPaths = (
			);
			runOnlyForDeploymentPostprocessing = 0;
			shellPath = /bin/sh;
			shellScript = "set -euo pipefail\nexport MACOSX_DEPLOYMENT_TARGET=\"${MACOSX_DEPLOYMENT_TARGET:-14.0}\"\nif [ ! -f \"${SRCROOT}/Frameworks/libboringtun_bridge.a\" ]; then\n  bash \"${SRCROOT}/BoringTunBridge/build.sh\"\nfi\n";
		};
/* End PBXShellScriptBuildPhase section */

/* Begin PBXSourcesBuildPhase section */
		40BF4E3C0AC3E9FC838347CC /* Sources */ = {
			isa = PBXSourcesBuildPhase;
			buildActionMask = 2147483647;
			files = (
				DB09AFFC8E9DDF4AEDD688EB /* AppDiscoveryService.swift in Sources */,
				36B46114D35E553489376C37 /* AppGroup.swift in Sources */,
				19A74CBDB9D312A79265B9E8 /* AppRule.swift in Sources */,
				3E424A2E1925015AD4252959 /* AppRuleStore.swift in Sources */,
				E522A569179DFC67A8838CB5 /* AppSettings.swift in Sources */,
				582044C856425E57E2DAD6E4 /* TunnelBahnApp.swift in Sources */,
				526B7FD38E5320D7DD4F8BBA /* AppState.swift in Sources */,
				44189FF5E162872035A95505 /* AppsView.swift in Sources */,
				3FBE7A70EE095703E24330F2 /* ConnectionStats.swift in Sources */,
				5AEBF52570FA22B757A0A72D /* Constants.swift in Sources */,
				2AD9E1A01CDC2FD91CE0CBEE /* ContentView.swift in Sources */,
				7BBBEEA431D471C9A6D316C4 /* DiagnosticsView.swift in Sources */,
				E5527110B34F14B56FFDD8D1 /* KeychainService.swift in Sources */,
				7D0FDA83BD8E62F3C5B169E4 /* LaunchAtLoginService.swift in Sources */,
				C05375D569E517984FA18705 /* MenuBarController.swift in Sources */,
				F419C30226BEBF0B230AC518 /* NEAppRuleBuilder.swift in Sources */,
				B5C5DDD0E710948CAF90BB31 /* PerAppIdentityMap.swift in Sources */,
				081F8E884ED917F5F619CF19 /* PerAppSigningCatalog.swift in Sources */,
				B8289190DCE40590B18D787C /* PerAppStatsProxyManager.swift in Sources */,
				A2939B0EB59CDA56118F4F49 /* PerAppTransferStats.swift in Sources */,
				C84209792C27D7B09197FFCA /* PerAppTransferStore.swift in Sources */,
				F053595C6A2F90851B3B8358 /* ProfileDetailView.swift in Sources */,
				DB4E2BF80769472B022603F7 /* ProfileEditorSheet.swift in Sources */,
				02384C0C4626B43843EAE1C5 /* ProfileStore.swift in Sources */,
				1CCA01FD1B406A987CE0DAB4 /* ProfilesView.swift in Sources */,
				B5ED0B698FB18DC4B5CB6685 /* RoutingAction.swift in Sources */,
				9677B04951228D2365361E5D /* SettingsView.swift in Sources */,
				1E222B2C3C8B1FF71E59B806 /* StatusView.swift in Sources */,
				37F0860E02FC3E1D77B2F9FE /* TunnelConnectivityProbe.swift in Sources */,
				5A81708EABA1A31428D90548 /* VPNManager.swift in Sources */,
				580B6C201FD89E90199D49ED /* WireGuardConfigParser.swift in Sources */,
				1D49EBA1FCDB67193F34C603 /* WireGuardConfigRenderer.swift in Sources */,
				6DCAD73DA67CFB055E46E830 /* WireGuardProfile.swift in Sources */,
			);
			runOnlyForDeploymentPostprocessing = 0;
		};
		C5B7805BB5D5C03AA676B6CB /* Sources */ = {
			isa = PBXSourcesBuildPhase;
			buildActionMask = 2147483647;
			files = (
				7C42BC6CC000D95F019E4F3D /* AppGroup.swift in Sources */,
				8A2871BE91FBAA676C3D42A1 /* AppRule.swift in Sources */,
				3FA5F2341DEF897F9974E06B /* ConnectionStats.swift in Sources */,
				8F1CF131253FEE5BDD095E70 /* Constants.swift in Sources */,
				C2440CFCAA4E2AFE17AD5959 /* EndpointBridge.swift in Sources */,
				0572F82FD03AEC6C978247FB /* KeychainService.swift in Sources */,
				4ED5AC6F4DF42C82144CC6E1 /* PerAppCounterAggregator.swift in Sources */,
				5C6D59DBF6D62AF3B3187D5D /* PerAppIdentityMap.swift in Sources */,
				EF2C9DE6213E5CA5399E4366 /* PerAppSigningCatalog.swift in Sources */,
				51DA39AEC77CA06904BDBA7C /* PerAppTransferStats.swift in Sources */,
				460D12BC04A96A073C618F47 /* PerAppTransferStore.swift in Sources */,
				53D33F682D47A1D79473BE23 /* RoutingAction.swift in Sources */,
				00A98D3504961A433F55678E /* TCPFlowRelay.swift in Sources */,
				59C26223DE6E370A904679CD /* TransparentProxyProvider.swift in Sources */,
				AF530B8789D1EC5C0A7F9265 /* UDPFlowRelay.swift in Sources */,
				69B0DB6373845865424849E4 /* WireGuardProfile.swift in Sources */,
			);
			runOnlyForDeploymentPostprocessing = 0;
		};
		FEA49AFBB2C6DB24D5DF1CB1 /* Sources */ = {
			isa = PBXSourcesBuildPhase;
			buildActionMask = 2147483647;
			files = (
				BE9FA0EB25D6B2979C0288EC /* AppGroup.swift in Sources */,
				23F5CBE589CB1ED9809AE62C /* AppRule.swift in Sources */,
				7E0E3CE4B1F9D2ACC63C38CC /* BoringTunAdapter.swift in Sources */,
				F300F58663C71EE0C11E2217 /* ConnectionStats.swift in Sources */,
				DEDA146ED33CC2F19B7C4C69 /* Constants.swift in Sources */,
				9FF17EAF8B29F1CBA1D2A6AA /* KeychainService.swift in Sources */,
				958F1EDDF162B56305B868AF /* PacketTunnelProvider.swift in Sources */,
				F9BD9729472D6CD0541C8CFA /* PerAppIdentityMap.swift in Sources */,
				9B10F25EF333708BEE8314A0 /* PerAppSigningCatalog.swift in Sources */,
				09868AC571CDA364502F9442 /* PerAppTransferStats.swift in Sources */,
				88744F088BC147E85AFFEF47 /* PerAppTransferStore.swift in Sources */,
				D0A6E4ACD7440FB451923EE9 /* RoutingAction.swift in Sources */,
				C02F134253241C58CCB1FF02 /* WireGuardProfile.swift in Sources */,
			);
			runOnlyForDeploymentPostprocessing = 0;
		};
/* End PBXSourcesBuildPhase section */

/* Begin PBXTargetDependency section */
		81F0A658724912F1101F6F52 /* PBXTargetDependency */ = {
			isa = PBXTargetDependency;
			target = DC8DE4556E366FEF06B5073D /* PacketTunnelExtension */;
			targetProxy = 772112099EA580A639E837D8 /* PBXContainerItemProxy */;
		};
		D0BF743F1CB276A6B63F09A9 /* PBXTargetDependency */ = {
			isa = PBXTargetDependency;
			target = B46E0883A2A00FAA50D148F0 /* TransparentProxyExtension */;
			targetProxy = 75047DF0C95807D3F6383671 /* PBXContainerItemProxy */;
		};
/* End PBXTargetDependency section */

/* Begin XCBuildConfiguration section */
		1F12FD68167181BC7A51C17D /* Debug */ = {
			isa = XCBuildConfiguration;
			buildSettings = {
				CODE_SIGN_ENTITLEMENTS = TransparentProxyExtension/TransparentProxyExtension.entitlements;
				COMBINE_HIDPI_IMAGES = YES;
				INFOPLIST_FILE = TransparentProxyExtension/Info.plist;
				LD_RUNPATH_SEARCH_PATHS = (
					"$(inherited)",
					"@executable_path/../Frameworks",
					"@executable_path/../../../../Frameworks",
				);
				PRODUCT_BUNDLE_IDENTIFIER = com.tunnelbahn.mac.transparentproxy;
				SDKROOT = macosx;
			};
			name = Debug;
		};
		316ED9ACC3A054EF90A0DE13 /* Release */ = {
			isa = XCBuildConfiguration;
			buildSettings = {
				ASSETCATALOG_COMPILER_APPICON_NAME = AppIcon;
				CODE_SIGN_ENTITLEMENTS = TunnelBahn/TunnelBahn.entitlements;
				COMBINE_HIDPI_IMAGES = YES;
				INFOPLIST_FILE = TunnelBahn/Info.plist;
				LD_RUNPATH_SEARCH_PATHS = (
					"$(inherited)",
					"@executable_path/../Frameworks",
				);
				SDKROOT = macosx;
			};
			name = Release;
		};
		64D0932C1B0F2AAF1589CC93 /* Release */ = {
			isa = XCBuildConfiguration;
			buildSettings = {
				CODE_SIGN_ENTITLEMENTS = TransparentProxyExtension/TransparentProxyExtension.entitlements;
				COMBINE_HIDPI_IMAGES = YES;
				INFOPLIST_FILE = TransparentProxyExtension/Info.plist;
				LD_RUNPATH_SEARCH_PATHS = (
					"$(inherited)",
					"@executable_path/../Frameworks",
					"@executable_path/../../../../Frameworks",
				);
				PRODUCT_BUNDLE_IDENTIFIER = com.tunnelbahn.mac.transparentproxy;
				SDKROOT = macosx;
			};
			name = Release;
		};
		976FFFFBD63E7884A553E0DE /* Debug */ = {
			isa = XCBuildConfiguration;
			buildSettings = {
				ASSETCATALOG_COMPILER_APPICON_NAME = AppIcon;
				CODE_SIGN_ENTITLEMENTS = TunnelBahn/TunnelBahn.entitlements;
				COMBINE_HIDPI_IMAGES = YES;
				INFOPLIST_FILE = TunnelBahn/Info.plist;
				LD_RUNPATH_SEARCH_PATHS = (
					"$(inherited)",
					"@executable_path/../Frameworks",
				);
				SDKROOT = macosx;
			};
			name = Debug;
		};
		A5B5D8B52354E0CE78DE4A1D /* Debug */ = {
			isa = XCBuildConfiguration;
			buildSettings = {
				CODE_SIGN_ENTITLEMENTS = NetworkExtension/NetworkExtension.entitlements;
				COMBINE_HIDPI_IMAGES = YES;
				ENABLE_USER_SCRIPT_SANDBOXING = NO;
				INFOPLIST_FILE = NetworkExtension/Info.plist;
				LD_RUNPATH_SEARCH_PATHS = (
					"$(inherited)",
					"@executable_path/../Frameworks",
					"@executable_path/../../../../Frameworks",
				);
				LIBRARY_SEARCH_PATHS = "$(inherited) $(SRCROOT)/Frameworks";
				OTHER_LDFLAGS = "$(inherited) -lboringtun_bridge";
				PRODUCT_BUNDLE_IDENTIFIER = com.tunnelbahn.mac.networkextension;
				SDKROOT = macosx;
				SWIFT_OBJC_BRIDGING_HEADER = "NetworkExtension/PacketTunnelExtension-Bridging-Header.h";
			};
			name = Debug;
		};
		C8A346AAFE97A0F6AC8E2025 /* Release */ = {
			isa = XCBuildConfiguration;
			buildSettings = {
				ALWAYS_SEARCH_USER_PATHS = NO;
				CLANG_ANALYZER_NONNULL = YES;
				CLANG_ANALYZER_NUMBER_OBJECT_CONVERSION = YES_AGGRESSIVE;
				CLANG_CXX_LANGUAGE_STANDARD = "gnu++14";
				CLANG_CXX_LIBRARY = "libc++";
				CLANG_ENABLE_MODULES = YES;
				CLANG_ENABLE_OBJC_ARC = YES;
				CLANG_ENABLE_OBJC_WEAK = YES;
				CLANG_WARN_BLOCK_CAPTURE_AUTORELEASING = YES;
				CLANG_WARN_BOOL_CONVERSION = YES;
				CLANG_WARN_COMMA = YES;
				CLANG_WARN_CONSTANT_CONVERSION = YES;
				CLANG_WARN_DEPRECATED_OBJC_IMPLEMENTATIONS = YES;
				CLANG_WARN_DIRECT_OBJC_ISA_USAGE = YES_ERROR;
				CLANG_WARN_DOCUMENTATION_COMMENTS = YES;
				CLANG_WARN_EMPTY_BODY = YES;
				CLANG_WARN_ENUM_CONVERSION = YES;
				CLANG_WARN_INFINITE_RECURSION = YES;
				CLANG_WARN_INT_CONVERSION = YES;
				CLANG_WARN_NON_LITERAL_NULL_CONVERSION = YES;
				CLANG_WARN_OBJC_IMPLICIT_RETAIN_SELF = YES;
				CLANG_WARN_OBJC_LITERAL_CONVERSION = YES;
				CLANG_WARN_OBJC_ROOT_CLASS = YES_ERROR;
				CLANG_WARN_QUOTED_INCLUDE_IN_FRAMEWORK_HEADER = YES;
				CLANG_WARN_RANGE_LOOP_ANALYSIS = YES;
				CLANG_WARN_STRICT_PROTOTYPES = YES;
				CLANG_WARN_SUSPICIOUS_MOVE = YES;
				CLANG_WARN_UNGUARDED_AVAILABILITY = YES_AGGRESSIVE;
				CLANG_WARN_UNREACHABLE_CODE = YES;
				CLANG_WARN__DUPLICATE_METHOD_MATCH = YES;
				CODE_SIGN_STYLE = Automatic;
				COPY_PHASE_STRIP = NO;
				DEBUG_INFORMATION_FORMAT = "dwarf-with-dsym";
				DEVELOPMENT_TEAM = 92G3VZAPVG;
				ENABLE_NS_ASSERTIONS = NO;
				ENABLE_STRICT_OBJC_MSGSEND = YES;
				GCC_C_LANGUAGE_STANDARD = gnu11;
				GCC_NO_COMMON_BLOCKS = YES;
				GCC_WARN_64_TO_32_BIT_CONVERSION = YES;
				GCC_WARN_ABOUT_RETURN_TYPE = YES_ERROR;
				GCC_WARN_UNDECLARED_SELECTOR = YES;
				GCC_WARN_UNINITIALIZED_AUTOS = YES_AGGRESSIVE;
				GCC_WARN_UNUSED_FUNCTION = YES;
				GCC_WARN_UNUSED_VARIABLE = YES;
				MACOSX_DEPLOYMENT_TARGET = 14.0;
				MTL_ENABLE_DEBUG_INFO = NO;
				MTL_FAST_MATH = YES;
				PRODUCT_BUNDLE_IDENTIFIER = com.tunnelbahn.mac;
				PRODUCT_NAME = "$(TARGET_NAME)";
				SDKROOT = macosx;
				SWIFT_COMPILATION_MODE = wholemodule;
				SWIFT_OPTIMIZATION_LEVEL = "-O";
				SWIFT_VERSION = 5.1;
			};
			name = Release;
		};
		DB4CF1C49DECE3FF7EEEC60C /* Release */ = {
			isa = XCBuildConfiguration;
			buildSettings = {
				CODE_SIGN_ENTITLEMENTS = NetworkExtension/NetworkExtension.entitlements;
				COMBINE_HIDPI_IMAGES = YES;
				ENABLE_USER_SCRIPT_SANDBOXING = NO;
				INFOPLIST_FILE = NetworkExtension/Info.plist;
				LD_RUNPATH_SEARCH_PATHS = (
					"$(inherited)",
					"@executable_path/../Frameworks",
					"@executable_path/../../../../Frameworks",
				);
				LIBRARY_SEARCH_PATHS = "$(inherited) $(SRCROOT)/Frameworks";
				OTHER_LDFLAGS = "$(inherited) -lboringtun_bridge";
				PRODUCT_BUNDLE_IDENTIFIER = com.tunnelbahn.mac.networkextension;
				SDKROOT = macosx;
				SWIFT_OBJC_BRIDGING_HEADER = "NetworkExtension/PacketTunnelExtension-Bridging-Header.h";
			};
			name = Release;
		};
		E4BBEE93BC4B2EB1FFE85D92 /* Debug */ = {
			isa = XCBuildConfiguration;
			buildSettings = {
				ALWAYS_SEARCH_USER_PATHS = NO;
				CLANG_ANALYZER_NONNULL = YES;
				CLANG_ANALYZER_NUMBER_OBJECT_CONVERSION = YES_AGGRESSIVE;
				CLANG_CXX_LANGUAGE_STANDARD = "gnu++14";
				CLANG_CXX_LIBRARY = "libc++";
				CLANG_ENABLE_MODULES = YES;
				CLANG_ENABLE_OBJC_ARC = YES;
				CLANG_ENABLE_OBJC_WEAK = YES;
				CLANG_WARN_BLOCK_CAPTURE_AUTORELEASING = YES;
				CLANG_WARN_BOOL_CONVERSION = YES;
				CLANG_WARN_COMMA = YES;
				CLANG_WARN_CONSTANT_CONVERSION = YES;
				CLANG_WARN_DEPRECATED_OBJC_IMPLEMENTATIONS = YES;
				CLANG_WARN_DIRECT_OBJC_ISA_USAGE = YES_ERROR;
				CLANG_WARN_DOCUMENTATION_COMMENTS = YES;
				CLANG_WARN_EMPTY_BODY = YES;
				CLANG_WARN_ENUM_CONVERSION = YES;
				CLANG_WARN_INFINITE_RECURSION = YES;
				CLANG_WARN_INT_CONVERSION = YES;
				CLANG_WARN_NON_LITERAL_NULL_CONVERSION = YES;
				CLANG_WARN_OBJC_IMPLICIT_RETAIN_SELF = YES;
				CLANG_WARN_OBJC_LITERAL_CONVERSION = YES;
				CLANG_WARN_OBJC_ROOT_CLASS = YES_ERROR;
				CLANG_WARN_QUOTED_INCLUDE_IN_FRAMEWORK_HEADER = YES;
				CLANG_WARN_RANGE_LOOP_ANALYSIS = YES;
				CLANG_WARN_STRICT_PROTOTYPES = YES;
				CLANG_WARN_SUSPICIOUS_MOVE = YES;
				CLANG_WARN_UNGUARDED_AVAILABILITY = YES_AGGRESSIVE;
				CLANG_WARN_UNREACHABLE_CODE = YES;
				CLANG_WARN__DUPLICATE_METHOD_MATCH = YES;
				CODE_SIGN_STYLE = Automatic;
				COPY_PHASE_STRIP = NO;
				DEBUG_INFORMATION_FORMAT = dwarf;
				DEVELOPMENT_TEAM = 92G3VZAPVG;
				ENABLE_STRICT_OBJC_MSGSEND = YES;
				ENABLE_TESTABILITY = YES;
				GCC_C_LANGUAGE_STANDARD = gnu11;
				GCC_DYNAMIC_NO_PIC = NO;
				GCC_NO_COMMON_BLOCKS = YES;
				GCC_OPTIMIZATION_LEVEL = 0;
				GCC_PREPROCESSOR_DEFINITIONS = (
					"$(inherited)",
					"DEBUG=1",
				);
				GCC_WARN_64_TO_32_BIT_CONVERSION = YES;
				GCC_WARN_ABOUT_RETURN_TYPE = YES_ERROR;
				GCC_WARN_UNDECLARED_SELECTOR = YES;
				GCC_WARN_UNINITIALIZED_AUTOS = YES_AGGRESSIVE;
				GCC_WARN_UNUSED_FUNCTION = YES;
				GCC_WARN_UNUSED_VARIABLE = YES;
				MACOSX_DEPLOYMENT_TARGET = 14.0;
				MTL_ENABLE_DEBUG_INFO = INCLUDE_SOURCE;
				MTL_FAST_MATH = YES;
				ONLY_ACTIVE_ARCH = YES;
				PRODUCT_BUNDLE_IDENTIFIER = com.tunnelbahn.mac;
				PRODUCT_NAME = "$(TARGET_NAME)";
				SDKROOT = macosx;
				SWIFT_ACTIVE_COMPILATION_CONDITIONS = DEBUG;
				SWIFT_OPTIMIZATION_LEVEL = "-Onone";
				SWIFT_VERSION = 5.1;
			};
			name = Debug;
		};
/* End XCBuildConfiguration section */

/* Begin XCConfigurationList section */
		0A3B4390DCFA916A4CCEB794 /* Build configuration list for PBXNativeTarget "TransparentProxyExtension" */ = {
			isa = XCConfigurationList;
			buildConfigurations = (
				1F12FD68167181BC7A51C17D /* Debug */,
				64D0932C1B0F2AAF1589CC93 /* Release */,
			);
			defaultConfigurationIsVisible = 0;
			defaultConfigurationName = Debug;
		};
		34754A18CCDDEC2A4802F00E /* Build configuration list for PBXProject "TunnelBahn" */ = {
			isa = XCConfigurationList;
			buildConfigurations = (
				E4BBEE93BC4B2EB1FFE85D92 /* Debug */,
				C8A346AAFE97A0F6AC8E2025 /* Release */,
			);
			defaultConfigurationIsVisible = 0;
			defaultConfigurationName = Debug;
		};
		51AA46A2A70A45813A6B7A3F /* Build configuration list for PBXNativeTarget "TunnelBahn" */ = {
			isa = XCConfigurationList;
			buildConfigurations = (
				976FFFFBD63E7884A553E0DE /* Debug */,
				316ED9ACC3A054EF90A0DE13 /* Release */,
			);
			defaultConfigurationIsVisible = 0;
			defaultConfigurationName = Debug;
		};
		AF3F59C62F7ADAE58918728B /* Build configuration list for PBXNativeTarget "PacketTunnelExtension" */ = {
			isa = XCConfigurationList;
			buildConfigurations = (
				A5B5D8B52354E0CE78DE4A1D /* Debug */,
				DB4CF1C49DECE3FF7EEEC60C /* Release */,
			);
			defaultConfigurationIsVisible = 0;
			defaultConfigurationName = Debug;
		};
/* End XCConfigurationList section */

/* Begin XCLocalSwiftPackageReference section */
		291BA71E8C62A4ABCD18403E /* XCLocalSwiftPackageReference "Vendor/wireguard-apple" */ = {
			isa = XCLocalSwiftPackageReference;
			relativePath = "Vendor/wireguard-apple";
		};
/* End XCLocalSwiftPackageReference section */

/* Begin XCSwiftPackageProductDependency section */
		CA90A6E78F78DA51B2A408EA /* WireGuardKit */ = {
			isa = XCSwiftPackageProductDependency;
			productName = WireGuardKit;
		};
/* End XCSwiftPackageProductDependency section */
	};
	rootObject = D3512C9F48DBF6CB0ADACD10 /* Project object */;
}
